
[[package]]
name = "aiohttp"
version = "3.14.3"
source = { registry = "https://pypi.org/simple" }
dependencies = [
    { name = "aiohappyeyeballs" },
    { name = "typing-extensions", marker = "python_full_version < '3.13'" },
    { name = "yarl" },
]
sdist = { url = "https://files.pythonhosted.org/packages/58/d9/22ce5786ac0c1653ae8b6c23bded02c1686d11f0dbb45b31ce128e0df985/aiohttp-3.14.3.tar.gz", hash = "sha256:9491196535a88924a60afd5b5f434b5b203b6cc616250878dbdb223a8f7844bc", size = 7971213, upload-time = "2026-07-23T01:57:27.037Z" }
wheels = [
    { url = "https://files.pythonhosted.org/packages/2d/4d/4a99fb425c5e0cad715eea7bd190aff46f38b959a0a2dadb993705d34b26/aiohttp-3.14.3-cp310-cp310-macosx_10_9_universal2.whl", hash = "sha256:eb0495d778817619273c108784292be161a924b9f5ae5cbbc70a2caa6838250b", size = 765848, upload-time = "2026-07-23T01:52:08.217Z" },
    { url = "https://files.pythonhosted.org/packages/74/e8/43b85dc55b8e950dc644babe762add781319ea881b57b33d2cce12017d12/aiohttp-3.14.3-cp310-cp310-macosx_10_9_x86_64.whl", hash = "sha256:c3c200cf9757edd785051dc699c7ecbec22110dbfcb3fefc7a9f9695eda8ea7a", size = 517476, upload-time = "2026-07-23T01:52:10.846Z" },
    { url = "https://files.pythonhosted.org/packages/7f/9e/73b582c4dbbc3c12ef4473822475effaabf1f934b56f14f5b03fe5d3a2af/aiohttp-3.14.3-cp310-cp310-macosx_11_0_arm64.whl", hash = "sha256:fd51ebf9d3a00c074df4ede271023f4d2dba289bcc740b88191872716014e3c5", size = 515334, upload-time = "2026-07-23T01:52:12.636Z" },
    { url = "https://files.pythonhosted.org/packages/79/03/e98c3c9e05a5bdf97defe5ff9169baba4f0ec9a901f2d60e0f060c2f051e/aiohttp-3.14.3-cp310-cp310-manylinux2014_aarch64.manylinux_2_17_aarch64.manylinux_2_28_aarch64.whl", hash = "sha256:134ac5ddcf61c6fad984b9a5727d83492ada43d63471db20fb73042c13fca62f", size = 1708830, upload-time = "2026-07-23T01:52:14.538Z" },
    { url = "https://files.pythonhosted.org/packages/d7/2c/26e60b694844dfd2176c57f913a22d0cd6a16f9ff202cbda7580d0328b98/aiohttp-3.14.3-cp310-cp310-manylinux2014_armv7l.manylinux_2_17_armv7l.manylinux_2_31_armv7l.whl", hash = "sha256:70c987b27534f9ae1a723f47ae921571d616da21d3208282bf4c52af5164ac43", size = 1674012, upload-time = "2026-07-23T01:52:16.486Z" },
    { url = "https://files.pythonhosted.org/packages/38/65/672df92e3172cd876aacfa97a952ac560877eb169384b2991ac5b273de4c/aiohttp-3.14.3-cp310-cp310-manylinux2014_ppc64le.manylinux_2_17_ppc64le.manylinux_2_28_ppc64le.whl", hash = "sha256:1b59533861b70a2185c8f4f350f791f39d64358ef6944ce71c5240c9ec0982c9", size = 1767015, upload-time = "2026-07-23T01:52:18.28Z" },
    { url = "https://files.pythonhosted.org/packages/9e/c5/228dec7bfec1c373cc2217cdeb47d6456dcd7a13a4c55144930a75ae3851/aiohttp-3.14.3-cp310-cp310-manylinux2014_s390x.manylinux_2_17_s390x.manylinux_2_28_s390x.whl", hash = "sha256:1c5281acc88b92396f88c7e1e2748f8466689df22b80170e4f51efa712fb47a8", size = 1858700, upload-time = "2026-07-23T01:52:20.08Z" },
    { url = "https://files.pythonhosted.org/packages/bd/ff/cb36724e8c8d17f90ada567a9ff3efe1d6e9b549fba697a242aece180f21/aiohttp-3.14.3-cp310-cp310-manylinux2014_x86_64.manylinux_2_17_x86_64.manylinux_2_28_x86_64.whl", hash = "sha256:48d67b87db6279c044760787eb01f6413032c2e6f3ba1cafaa492b1c8e578479", size = 1714075, upload-time = "2026-07-23T01:52:22.071Z" },
    { url = "https://files.pythonhosted.org/packages/9f/3a/296a4135c6366376263aeef54b15caca1f07676c2ae0c525d7832f2f808a/aiohttp-3.14.3-cp310-cp310-manylinux_2_31_riscv64.manylinux_2_39_riscv64.whl", hash = "sha256:f53bcd52f585e1ac3e590d61434eb61f9a88c38df041b4ea126d97144344a77b", size = 1588234, upload-time = "2026-07-23T01:52:23.757Z" },
    { url = "https://files.pythonhosted.org/packages/7d/81/9d5d853ef892dc066d1eb6db0e87a47348b920c1c879aa554612fdbd9d79/aiohttp-3.14.3-cp310-cp310-musllinux_1_2_aarch64.whl", hash = "sha256:0fdea2281997af69da84c77ffa6f5938a0285f21fb3887c249d67419ca865b3d", size = 1677300, upload-time = "2026-07-23T01:52:25.861Z" },
    { url = "https://files.pythonhosted.org/packages/68/96/021d386ae32d9b26d4b88df2e794546232ff56bb6be952bf6be227c0bbc7/aiohttp-3.14.3-cp310-cp310-musllinux_1_2_armv7l.whl", hash = "sha256:cda5fd5c95ad7a125a2e8464acc78b98b94c475a3780d6aa0aa157c93f470f4d", size = 1691501, upload-time = "2026-07-23T01:52:28Z" },
    { url = "https://files.pythonhosted.org/packages/29/9f/af66adce26a14af135c003cbd0f44ccaa68cebd30ff8ac99ca47fb4958f7/aiohttp-3.14.3-cp310-cp310-musllinux_1_2_ppc64le.whl", hash = "sha256:6debfa7312ff9d4c124dc71d72e9a0a4b9e0879e48ba6fcb42bef5c3300289e2", size = 1735113, upload-time = "2026-07-23T01:52:29.995Z" },
    { url = "https://files.pythonhosted.org/packages/2f/90/28c390d4c9851effe52ac25b5a2e1d92246acd00728b4fc7975dafb67484/aiohttp-3.14.3-cp310-cp310-musllinux_1_2_riscv64.whl", hash = "sha256:f4e05329faa0ea1a404b37de4f034fd2c2defcca06a68dc6745e4e56c88e8a48", size = 1577486, upload-time = "2026-07-23T01:52:31.937Z" },
    { url = "https://files.pythonhosted.org/packages/db/c2/00e23a1bf2abb70dd353f6987db7e7f2491d0261f7363997738c71c98f95/aiohttp-3.14.3-cp310-cp310-musllinux_1_2_s390x.whl", hash = "sha256:a3a8296e7ab5c295f53f1041487cb088e1480775aafbf7fe545d93b770a0f96f", size = 1751353, upload-time = "2026-07-23T01:52:33.688Z" },
    { url = "https://files.pythonhosted.org/packages/6e/7d/d51a706a8cbfa57f0611127daf61ab3ae02ab8420b0407412079227d1c65/aiohttp-3.14.3-cp310-cp310-musllinux_1_2_x86_64.whl", hash = "sha256:5373dc80ad1aa2fb9ad95c83f24eef418bbda3a61375f128e5b0192e4f3f9b32", size = 1698681, upload-time = "2026-07-23T01:52:38.167Z" },
    { url = "https://files.pythonhosted.org/packages/ec/b0/90bd5cd9fdd9787cb4211d284d1fb8401339a933cb0227a15b71e789232f/aiohttp-3.14.3-cp310-cp310-win32.whl", hash = "sha256:a3e22975f905b89a55a488c2a08f2fdb2186175349e917d48985cc468a3d4c6e", size = 456733, upload-time = "2026-07-23T01:52:41.823Z" },
    { url = "https://files.pythonhosted.org/packages/d8/15/fe5b8f6a71ae112bc677163d0b0701bda5dc15005249582258ede0eb88c7/aiohttp-3.14.3-cp310-cp310-win_amd64.whl", hash = "sha256:bdd0e2834dce1a26c1bbe26464861e16bbe217042cbff619247c11594472518c", size = 480460, upload-time = "2026-07-23T01:52:43.905Z" },
    { url = "https://files.pythonhosted.org/packages/54/00/45e98b6645cd7f00a4b78b749ebd309094b0eaeb2d2e96157eadbc0d0050/aiohttp-3.14.3-cp310-cp310-win_arm64.whl", hash = "sha256:eac645b09bcfdf73df7536331f0678c1086ea250981118ddb5199e17ccef72bb", size = 453479, upload-time = "2026-07-23T01:52:46.075Z" },
    { url = "https://files.pythonhosted.org/packages/f8/5c/b3e4ff8ad43a8afef9602c5e90285936da1beaea8b029016b793891f03c3/aiohttp-3.14.3-cp311-cp311-macosx_10_9_universal2.whl", hash = "sha256:e568e14940c09955aa51f4e645b6daa18a581c5dcfcd73744dcc86a856e3ced3", size = 764250, upload-time = "2026-07-23T01:52:48.525Z" },
    { url = "https://files.pythonhosted.org/packages/0e/da/f1b384465e51449d844056b75070461da03a9a23e6c1747003695bf4172a/aiohttp-3.14.3-cp311-cp311-macosx_10_9_x86_64.whl", hash = "sha256:54cfcdee2770dac994417cbb0ee1f3eb0e7cb6b30c79bf44f2c02ff79ec5124a", size = 516281, upload-time = "2026-07-23T01:52:51.047Z" },
    { url = "https://files.pythonhosted.org/packages/b9/3f/01264f820ee2e3712a827892b1cd6ff80f3300c1fcbffbb45714a915d47a/aiohttp-3.14.3-cp311-cp311-macosx_11_0_arm64.whl", hash = "sha256:21c016079415ed3fd676963e9793700a566d85dbbd6bfc564b9b2d209147dcc8", size = 514742, upload-time = "2026-07-23T01:52:53.779Z" },
    { url = "https://files.pythonhosted.org/packages/9e/8d/a71c6f2db52ac1ed142b133f7feddaa6b70539c3f4de24d7e226c95b794c/aiohttp-3.14.3-cp311-cp311-manylinux2014_aarch64.manylinux_2_17_aarch64.manylinux_2_28_aarch64.whl", hash = "sha256:d6088ec9894113802bddb3c09e974929aed2c7b3a8c456219b8aab4481f1a239", size = 1780613, upload-time = "2026-07-23T01:52:56.948Z" },
    { url = "https://files.pythonhosted.org/packages/a5/11/3dd9b3fb3a170f6ec9011b5291d876a6fab4086714c9e158600edf01b4fd/aiohttp-3.14.3-cp311-cp311-manylinux2014_armv7l.manylinux_2_17_armv7l.manylinux_2_31_armv7l.whl", hash = "sha256:16ea7e24c309fb7c0bbd505d149abe4fe4dccfb8db911db7dbec0921bc889a6f", size = 1737688, upload-time = "2026-07-23T01:52:59.294Z" },
    { url = "https://files.pythonhosted.org/packages/6d/3e/834c26918be7d88068822b40e0db30fca50b5f4fe79104aa16a93f1d74e6/aiohttp-3.14.3-cp311-cp311-manylinux2014_ppc64le.manylinux_2_17_ppc64le.manylinux_2_28_ppc64le.whl", hash = "sha256:56f355e79f71aef2a85c80305cc915f894b170dba76de5fe84f6351939b83c06", size = 1845742, upload-time = "2026-07-23T01:53:01.641Z" },
    { url = "https://files.pythonhosted.org/packages/cc/c9/49ab8572df7d66bc13d11e31f781292badb04180dd87ba98733066c6aed7/aiohttp-3.14.3-cp311-cp311-manylinux2014_s390x.manylinux_2_17_s390x.manylinux_2_28_s390x.whl", hash = "sha256:18c441d0a8fca6de8d1f546849b9f0ab20d435993e2c5b59562b2fae6be2f929", size = 1928412, upload-time = "2026-07-23T01:53:04.018Z" },
    { url = "https://files.pythonhosted.org/packages/a5/b9/2b8f0c0ce09c87a1daf80fd483431b56b1435d3f62789bc86f572e1245de/aiohttp-3.14.3-cp311-cp311-manylinux2014_x86_64.manylinux_2_17_x86_64.manylinux_2_28_x86_64.whl", hash = "sha256:53e7b4ce82b54a8bcc71b3b67a5cbd177ca1d7f592cbc92cd38b7349f73482db", size = 1786220, upload-time = "2026-07-23T01:53:06.481Z" },
    { url = "https://files.pythonhosted.org/packages/85/00/9c45f81de11710460edfa1dc81317b6e882703b160926c879a9d20da9fcc/aiohttp-3.14.3-cp311-cp311-manylinux_2_31_riscv64.manylinux_2_39_riscv64.whl", hash = "sha256:f55119f7bf25f49ed210f6096090715da24f2943c62102448915fde3c62877ce", size = 1637231, upload-time = "2026-07-23T01:53:10.258Z" },
    { url = "https://files.pythonhosted.org/packages/19/ce/967d628e910756f3539c6107cb7844a1b69440dcb3029a5ee7871b09ab63/aiohttp-3.14.3-cp311-cp311-musllinux_1_2_aarch64.whl", hash = "sha256:9aa6e61fdf20105c4144e755bd586008ff450791d67b1c8146fdc15959c4d51c", size = 1753161, upload-time = "2026-07-23T01:53:13.817Z" },
    { url = "https://files.pythonhosted.org/packages/11/b2/0c3d4114f0aee4f580f5b3b4eb71b24d7a23b834ea506a4dfebe76513f35/aiohttp-3.14.3-cp311-cp311-musllinux_1_2_armv7l.whl", hash = "sha256:ccd4893707b3e2a13e39c90d43cf80edf2e4d0457935bcc103bf2346214c3f15", size = 1756356, upload-time = "2026-07-23T01:53:16.211Z" },
    { url = "https://files.pythonhosted.org/packages/63/5d/99e7d91c82f1399d1ae2a854e080bd1493fbc31e5e959dbc4ec33dac3bec/aiohttp-3.14.3-cp311-cp311-musllinux_1_2_ppc64le.whl", hash = "sha256:b2466434105a4e03113c36ec775cc2ebe6676b62eae326fa670bb607ef788c1c", size = 1819846, upload-time = "2026-07-23T01:53:18.289Z" },
    { url = "https://files.pythonhosted.org/packages/ad/05/d5e1cb6480eeffd3f901d40a2c5e2d1e7effdc797837da3b490272699f13/aiohttp-3.14.3-cp311-cp311-musllinux_1_2_riscv64.whl", hash = "sha256:ba59d59aba08ac02fc03b0c8983ccd5ee39a199d0552ce9e6d2b4845b34d59ae", size = 1628531, upload-time = "2026-07-23T01:53:23.86Z" },
    { url = "https://files.pythonhosted.org/packages/c9/90/b934682bcaefae18a9e04f3dff5b68522ba810906358ae5029b68110ea3b/aiohttp-3.14.3-cp311-cp311-musllinux_1_2_s390x.whl", hash = "sha256:ed099d105449c4f9e84f24af203cd131349d4761d8813fa7e02c32e7128cd910", size = 1832712, upload-time = "2026-07-23T01:53:27.551Z" },
    { url = "https://files.pythonhosted.org/packages/21/df/6061679faaf81fac746e7307c7adb71e858071a5d34c27583afefc64f543/aiohttp-3.14.3-cp311-cp311-musllinux_1_2_x86_64.whl", hash = "sha256:152516815ef926786a0b6ae2b8f1fd2e0c71582dee0b435636865316fd4891b7", size = 1775014, upload-time = "2026-07-23T01:53:30.223Z" },
    { url = "https://files.pythonhosted.org/packages/8a/1d/f854878bbc69b88faefe924b619a34a6f59ec05fd387c77690667eaa75eb/aiohttp-3.14.3-cp311-cp311-win32.whl", hash = "sha256:a4af35c443e0b1a1bd6a8af3f3485d7fda15c142751a00f3ff8090f0b93346fa", size = 456006, upload-time = "2026-07-23T01:53:34.97Z" },
    { url = "https://files.pythonhosted.org/packages/73/0c/2af9d1674baccd1dbd47282a93d660a22e57ef6167c856deb24b4214fbab/aiohttp-3.14.3-cp311-cp311-win_amd64.whl", hash = "sha256:e1e74298bab6ee0d6e749ed4fd1901c7e604bdda32c03d787a2cc71c46d0433d", size = 481069, upload-time = "2026-07-23T01:53:39.673Z" },
    { url = "https://files.pythonhosted.org/packages/8e/76/88401ff3fc95e85c5fc38d588f36f55e61ecb64343b2bc8d69326f453cc0/aiohttp-3.14.3-cp311-cp311-win_arm64.whl", hash = "sha256:03cd2bde3d7f085b64e549c985f4bb928cad7e8ecf5323bfca320db548d81b39", size = 453021, upload-time = "2026-07-23T01:53:43.749Z" },
    { url = "https://files.pythonhosted.org/packages/18/d4/eb96299230e20acf2efae207cb8d69051f1f68e357e5ea5e479bf6fb097a/aiohttp-3.14.3-cp312-cp312-macosx_10_13_universal2.whl", hash = "sha256:39aded8c7f3b935b54aab1d8d73c70ec0ee2d3ec3b943e0e86611bc150ba47f5", size = 754690, upload-time = "2026-07-23T01:53:47.332Z" },
    { url = "https://files.pythonhosted.org/packages/88/11/e7a70a209eb9a067c0d3212b518a0134e3484f5178c7533878b6b514d469/aiohttp-3.14.3-cp312-cp312-macosx_10_13_x86_64.whl", hash = "sha256:5bcb6ff3fdab1258a192679ff1a05d44f59626430aa05cd1a9d2447423599228", size = 509484, upload-time = "2026-07-23T01:53:51.159Z" },
    { url = "https://files.pythonhosted.org/packages/30/07/4bbc222cc8dbe31d4c3e8a5baad2286e4d42026ac0c570027b89afce6344/aiohttp-3.14.3-cp312-cp312-macosx_11_0_arm64.whl", hash = "sha256:617105e2c3018ee38d0c8ce5ee3c84f621a6d8b9f723202aacaff28449ca91ee", size = 511949, upload-time = "2026-07-23T01:53:55.083Z" },
    { url = "https://files.pythonhosted.org/packages/54/b9/42e74c46b7b7c794b995bbc1f573fb48950c38b19d8600c62a6804ee2d67/aiohttp-3.14.3-cp312-cp312-manylinux2014_aarch64.manylinux_2_17_aarch64.manylinux_2_28_aarch64.whl", hash = "sha256:f631fe87a6f30df5fbe6d79640b25e4cffb38c31c7fb6f10871517b84b0f8c1a", size = 1765282, upload-time = "2026-07-23T01:53:59.662Z" },
    { url = "https://files.pythonhosted.org/packages/6b/ed/62bc4d74363ad346d518e0720363a949f63e2e23439a79eb5813d4d29bb3/aiohttp-3.14.3-cp312-cp312-manylinux2014_armv7l.manylinux_2_17_armv7l.manylinux_2_31_armv7l.whl", hash = "sha256:a94dbaae5ae27bd849c93570669bff91e0510f33a80805738e3de72a7be0447b", size = 1741511, upload-time = "2026-07-23T01:54:04.063Z" },
    { url = "https://files.pythonhosted.org/packages/d0/9f/181e8a8bc79e47d13c7fc4540bd7a3b729d9505609c61f392a8dd2fbfe55/aiohttp-3.14.3-cp312-cp312-manylinux2014_ppc64le.manylinux_2_17_ppc64le.manylinux_2_28_ppc64le.whl", hash = "sha256:8f2f1c4c032c7cedd7d8da6f54c97b70266c6570c3108d3fdffee7188bb70529", size = 1810680, upload-time = "2026-07-23T01:54:09.882Z" },
    { url = "https://files.pythonhosted.org/packages/5c/9a/dec94d6ad694552fe3424e3f1928d7a606a5d9d9433a04e7ecdd9d38ae7f/aiohttp-3.14.3-cp312-cp312-manylinux2014_s390x.manylinux_2_17_s390x.manylinux_2_28_s390x.whl", hash = "sha256:ea05e1f97ceea523942d9b2a7d7c0359d781d683d6b043f5943a602b14da4787", size = 1905646, upload-time = "2026-07-23T01:54:13.475Z" },
    { url = "https://files.pythonhosted.org/packages/52/b7/7cd31f29d6055bd711ae6e669367fba6f5ae9de463910a793e30556a8db7/aiohttp-3.14.3-cp312-cp312-manylinux2014_x86_64.manylinux_2_17_x86_64.manylinux_2_28_x86_64.whl", hash = "sha256:543906c127fb1d929b95076db19b83fa2d46751006ff1e23b093aa5ac4d8db42", size = 1792122, upload-time = "2026-07-23T01:54:15.752Z" },
    { url = "https://files.pythonhosted.org/packages/66/73/10b1ef93afa61f4963c746257b70ced619cf31a4798671de5fdb2608501d/aiohttp-3.14.3-cp312-cp312-manylinux_2_31_riscv64.manylinux_2_39_riscv64.whl", hash = "sha256:0a5ff2dfbb9ce645fa5b8ef3e02c6c0b9cc3f6030ff863d0c51fffc50cb5541b", size = 1591127, upload-time = "2026-07-23T01:54:19.489Z" },
    { url = "https://files.pythonhosted.org/packages/49/ed/3b203fa6de1b338c14acdc06bf6ca9b043b7944f005966958c2ced932cde/aiohttp-3.14.3-cp312-cp312-musllinux_1_2_aarch64.whl", hash = "sha256:041badb8f84396357c4d3ad26de6afd7a32b112f43d3c63045c0c8278cfd2043", size = 1725210, upload-time = "2026-07-23T01:54:24.129Z" },
    { url = "https://files.pythonhosted.org/packages/28/b7/1c2aab8c706436dcc28598452488ac9cd7c409da815237c28c27d58993e6/aiohttp-3.14.3-cp312-cp312-musllinux_1_2_armv7l.whl", hash = "sha256:530125ee1163c4219af35dc3aa1206e541e7b31b6efc1a3f93b70a136f65d427", size = 1764848, upload-time = "2026-07-23T01:54:27.973Z" },
    { url = "https://files.pythonhosted.org/packages/54/50/94c28f08b131c4bf10984ea2c7a536c9920608bb2d6e7f95642c30cc87b7/aiohttp-3.14.3-cp312-cp312-musllinux_1_2_ppc64le.whl", hash = "sha256:c8653fd547c93a61aadc612007790f5555cdd18946fa48cf45e26d8ea4ea473d", size = 1777102, upload-time = "2026-07-23T01:54:31.775Z" },
    { url = "https://files.pythonhosted.org/packages/13/d4/e7d09ba7d345fb2d74440fd2fa033c5e079fac05552927705986f41a364f/aiohttp-3.14.3-cp312-cp312-musllinux_1_2_riscv64.whl", hash = "sha256:89176250f686cb9853c0fb7ead90e639e915b84a6f43eedc2a4e7ec21f1037f0", size = 1580205, upload-time = "2026-07-23T01:54:34.518Z" },
    { url = "https://files.pythonhosted.org/packages/a3/84/072a91d68e1e1eb587985b54baab94221277f877e8ef274fc213a0ceae28/aiohttp-3.14.3-cp312-cp312-musllinux_1_2_s390x.whl", hash = "sha256:3a26434dafe408229ff3403458ca58de24fb51936504decac49ce6755f77e59d", size = 1797219, upload-time = "2026-07-23T01:54:36.995Z" },
    { url = "https://files.pythonhosted.org/packages/e0/eb/aad34e897e668424d6e995da5dff8a4a09af93363d3392488772957a63aa/aiohttp-3.14.3-cp312-cp312-musllinux_1_2_x86_64.whl", hash = "sha256:d1558173930a5a8d3069cee5c92fc91c87c4dbcb099debbb3622053717145a19", size = 1768629, upload-time = "2026-07-23T01:54:40.103Z" },
    { url = "https://files.pythonhosted.org/packages/b6/2b/6bb88ddba0fecd9122aa3ebcad25996cf6c083a4a7040dbb3a4f97972af6/aiohttp-3.14.3-cp312-cp312-win32.whl", hash = "sha256:16100ad3ab8d649fdfbee87602d9d2dcdca9df0b9eda8a1b5fdc0d41f96da559", size = 451481, upload-time = "2026-07-23T01:54:42.547Z" },
    { url = "https://files.pythonhosted.org/packages/76/9b/f2f8f108da17ecef2cc3efc424e8b7ad3782b1a8360f7b8eae8ced84f6ea/aiohttp-3.14.3-cp312-cp312-win_amd64.whl", hash = "sha256:33a2d7c28d33797a2e99923dffa63f83d908a19b6bf26cfe80fa790aa5e1a75a", size = 476845, upload-time = "2026-07-23T01:54:44.853Z" },
    { url = "https://files.pythonhosted.org/packages/3e/44/28dac80a8941b604f4da10ce21097614ca1bf905ce93dca28d8d7de9c1e7/aiohttp-3.14.3-cp312-cp312-win_arm64.whl", hash = "sha256:362a3fd481769cac1a824514bcd86fda51c65e8fe6e051099e008fddde6db17c", size = 448050, upload-time = "2026-07-23T01:54:47.087Z" },
    { url = "https://files.pythonhosted.org/packages/57/be/5afd201cc0ab139029aadb75392efe85a293403d9dd3a3226161c21ce00c/aiohttp-3.14.3-cp313-cp313-android_21_arm64_v8a.whl", hash = "sha256:2e9878ae68e4a5f1c0abe4dd497dbc3d51946f5837b56759e2a02e78fa90ef86", size = 506269, upload-time = "2026-07-23T01:54:49.075Z" },
    { url = "https://files.pythonhosted.org/packages/22/09/dec8189d62b45ade009f6792a2264b942a90cb88aeaf181239933cd72c3c/aiohttp-3.14.3-cp313-cp313-android_21_x86_64.whl", hash = "sha256:f3d2669fe7dec7fc359ecdb5984b29b50d85d5d00f8c1cb61de4f4a24ee42627", size = 515166, upload-time = "2026-07-23T01:54:51.894Z" },
    { url = "https://files.pythonhosted.org/packages/28/24/2854869d29ed8a8b19d74f9ec6629515f7e04d02dd329d9d179201e58e47/aiohttp-3.14.3-cp313-cp313-ios_13_0_arm64_iphoneos.whl", hash = "sha256:cc7cb243a68167172f48c1fd43cee91ec4b1d40cefd190edd43369d1a6bc9c82", size = 486263, upload-time = "2026-07-23T01:54:54.223Z" },
    { url = "https://files.pythonhosted.org/packages/d4/dd/57187c8be2a35aea65eaee3bd2c3dcbbcf0204f5106c89637e3610380cd1/aiohttp-3.14.3-cp313-cp313-ios_13_0_arm64_iphonesimulator.whl", hash = "sha256:78253b573e6ffab5028924fc98bc281aae05445969982a10864bc360dea2016c", size = 492299, upload-time = "2026-07-23T01:54:56.236Z" },
    { url = "https://files.pythonhosted.org/packages/b9/11/06ae6ed8f0d414edf4068861e233d8fe23ee699bfd4b3ceb8663db948a62/aiohttp-3.14.3-cp313-cp313-ios_13_0_x86_64_iphonesimulator.whl", hash = "sha256:7041d52c3a7fa20c9e8c182b534704abb19502c8bdcbde7ab23bfda6f642394f", size = 502235, upload-time = "2026-07-23T01:54:58.377Z" },
    { url = "https://files.pythonhosted.org/packages/7e/a3/559639c34a345d2cf7c52dff6838119f2eaf29eb508227b5b83f573af813/aiohttp-3.14.3-cp313-cp313-macosx_10_13_universal2.whl", hash = "sha256:ac74facc01463f138b0da5580329cfcc82818dea5656e83ddcd11268fc12ff80", size = 750883, upload-time = "2026-07-23T01:55:00.65Z" },
    { url = "https://files.pythonhosted.org/packages/91/cd/41e131f13afd1e7b0172a9d9eda085ef90eb8439f41f0d279db81ed3ae60/aiohttp-3.14.3-cp313-cp313-macosx_10_13_x86_64.whl", hash = "sha256:d6218d92e450824e9b4881f44e8c09f1853b490f9a64130801024a4793b1b3b0", size = 508473, upload-time = "2026-07-23T01:55:02.945Z" },
    { url = "https://files.pythonhosted.org/packages/bc/6b/e7f13410d391c6e55b4c007a8de024355389d7d459e3d64c42b2d33617e5/aiohttp-3.14.3-cp313-cp313-macosx_11_0_arm64.whl", hash = "sha256:11fb37ef075669eee52ab1928fbf6e1741fada40409fa309ebde9607a962aebf", size = 509190, upload-time = "2026-07-23T01:55:05.173Z" },
    { url = "https://files.pythonhosted.org/packages/97/21/6464573e53d69672cc1eada3e5c5cb2d2efa82701e8305a0f2047a576967/aiohttp-3.14.3-cp313-cp313-manylinux2014_aarch64.manylinux_2_17_aarch64.manylinux_2_28_aarch64.whl", hash = "sha256:55bdcc472aafe2de4a253045cc128007a64f1e0264fb675791e132ea5edaa3bd", size = 1761478, upload-time = "2026-07-23T01:55:07.383Z" },
    { url = "https://files.pythonhosted.org/packages/1a/81/d217043a4c17fbce360905e3b2bdd20139ebc9a2de836d035d179c4da006/aiohttp-3.14.3-cp313-cp313-manylinux2014_armv7l.manylinux_2_17_armv7l.manylinux_2_31_armv7l.whl", hash = "sha256:c39846c3aad97a8530c89d7a3869a8f8e9e3762c6ac0504481e5c80948f7e807", size = 1735092, upload-time = "2026-07-23T01:55:09.803Z" },
    { url = "https://files.pythonhosted.org/packages/a1/66/e13a02d0eeb1a9a502402a977abb4e4abff9fe4051c26f80558c57a7c975/aiohttp-3.14.3-cp313-cp313-manylinux2014_ppc64le.manylinux_2_17_ppc64le.manylinux_2_28_ppc64le.whl", hash = "sha256:5895ef58c4620afe02fa16044f023dc4dafec08158f9d08874a46a7dbc0341b8", size = 1800546, upload-time = "2026-07-23T01:55:12.012Z" },
    { url = "https://files.pythonhosted.org/packages/26/5e/57d42fca1d18cb5acc1cad945d017fabc5d6ae71d8a08ad66be8dc3ee544/aiohttp-3.14.3-cp313-cp313-manylinux2014_s390x.manylinux_2_17_s390x.manylinux_2_28_s390x.whl", hash = "sha256:fa9467a8113aa69d3d7c55a70ef0b7c636010a40993f3df9d9d0d73b3eb7ef24", size = 1895250, upload-time = "2026-07-23T01:55:14.357Z" },
    { url = "https://files.pythonhosted.org/packages/ca/1c/7da8d08e74d56f00070822f9638ff3f1c563f8ad87d1efa996c87bfc8644/aiohttp-3.14.3-cp313-cp313-manylinux2014_x86_64.manylinux_2_17_x86_64.manylinux_2_28_x86_64.whl", hash = "sha256:d7d2deec16eeedf55f2c7cf75b521ea3856a5177e123844f8fd0f114ce252cb5", size = 1789289, upload-time = "2026-07-23T01:55:16.668Z" },
    { url = "https://files.pythonhosted.org/packages/cd/0f/cf16bcf56896981c1a0319f5d5db9337994b5165730c48a8fa07e9b34be6/aiohttp-3.14.3-cp313-cp313-manylinux_2_31_riscv64.manylinux_2_39_riscv64.whl", hash = "sha256:dd54d0e8717de95939766febac482ac0474d8ac3b048115f9f2b1d23a16e7db4", size = 1586706, upload-time = "2026-07-23T01:55:18.913Z" },
    { url = "https://files.pythonhosted.org/packages/fe/6f/76eac12a7f2480e1e304f842efdb07db33256b0d9165b866b6ef0806c202/aiohttp-3.14.3-cp313-cp313-musllinux_1_2_aarch64.whl", hash = "sha256:df82f3787c940c94986b34222d59c9e38843fba85139f36e85255a82ad5355a9", size = 1724652, upload-time = "2026-07-23T01:55:21.296Z" },
    { url = "https://files.pythonhosted.org/packages/39/b6/19c8c592baeeb94b75f966547d40c02ac7590902306ec5863d5c027cf506/aiohttp-3.14.3-cp313-cp313-musllinux_1_2_armv7l.whl", hash = "sha256:42a67efc36300d052fb4508a53e8b6901b9284b599ae63945c377569c5fcc1e1", size = 1756239, upload-time = "2026-07-23T01:55:23.705Z" },
    { url = "https://files.pythonhosted.org/packages/dc/c9/4e9383150296f97f873b680c4de8fb2cd88608fb9f48c79edcb111611abc/aiohttp-3.14.3-cp313-cp313-musllinux_1_2_ppc64le.whl", hash = "sha256:7a75aa63cbf9b21cfaf60dc2657e19df2c2867d91707d653fee171ffeedd1371", size = 1769161, upload-time = "2026-07-23T01:55:26.082Z" },
    { url = "https://files.pythonhosted.org/packages/aa/1e/147bdc6cc5de5f3ab011be8bf5d6e786633249f22c20bae06f85e45f5387/aiohttp-3.14.3-cp313-cp313-musllinux_1_2_riscv64.whl", hash = "sha256:e92eb8acc45eb6a9f4935071a77edf5b85cc6f8dfad5cd99e97653c26593cdde", size = 1578759, upload-time = "2026-07-23T01:55:28.846Z" },
    { url = "https://files.pythonhosted.org/packages/fd/31/78388a9d6040ece2e11df62ea229a822cf5e52d238374b220ae9975b2623/aiohttp-3.14.3-cp313-cp313-musllinux_1_2_s390x.whl", hash = "sha256:b014a6ed7cf912e787149fdc529166d3ceabac23f26efeea3158c9aba2354e7e", size = 1792025, upload-time = "2026-07-23T01:55:31.457Z" },
    { url = "https://files.pythonhosted.org/packages/03/51/a3d29fdf2c25d796746af8ad6fe56a45d6256c38b0a8a2ed752e1160b3a2/aiohttp-3.14.3-cp313-cp313-musllinux_1_2_x86_64.whl", hash = "sha256:3d4f72af88ac2474bb5bca640030320e3d38a0163a1d7533500e87be458eef71", size = 1768477, upload-time = "2026-07-23T01:55:33.87Z" },
    { url = "https://files.pythonhosted.org/packages/29/a6/442e18b5afeade534d877a2dc3c3e392aff8d49787890b0cf84790410267/aiohttp-3.14.3-cp313-cp313-win32.whl", hash = "sha256:5f08ec777f35ee70720233b8b9811d3bb5d728137f30ac91b7457709c3261ac0", size = 451069, upload-time = "2026-07-23T01:55:36.121Z" },
    { url = "https://files.pythonhosted.org/packages/9d/69/3d876ac02659f271cf7f6769f14a8e3de5b6e888ed8b5a7e998086a4cec8/aiohttp-3.14.3-cp313-cp313-win_amd64.whl", hash = "sha256:dff9461ec275f22135650d5ba4b4931a11f3958df7dfbb8db630000d4dee0883", size = 476518, upload-time = "2026-07-23T01:55:38.303Z" },
    { url = "https://files.pythonhosted.org/packages/b2/0e/50d6e6471cd31edce8b282bdec59375a3a69124d8a989a0b1313355cae52/aiohttp-3.14.3-cp313-cp313-win_arm64.whl", hash = "sha256:ddcac3c6b382e81f1dd0499199d4136b877beb4cb5ef770bbbfba56c4b8f55d2", size = 447676, upload-time = "2026-07-23T01:55:40.451Z" },
    { url = "https://files.pythonhosted.org/packages/c8/20/887fdcf832326571b370ffc347b3e70abe101096f3720126aac161b1d872/aiohttp-3.14.3-cp314-cp314-android_24_arm64_v8a.whl", hash = "sha256:49f7325beb0f85ef4aef5f48f490269575f83e6e2acad00a1d80b807eb027062", size = 509067, upload-time = "2026-07-23T01:55:42.618Z" },
    { url = "https://files.pythonhosted.org/packages/ad/a3/92cec936f78cc4bf0fa5554ebe593b73459d94e3c62303e1902a4cccb6f7/aiohttp-3.14.3-cp314-cp314-android_24_x86_64.whl", hash = "sha256:e3be98a7c30b8c25d573dafba7171d66dfb05ee6a9070fc46535464ff97700a6", size = 514774, upload-time = "2026-07-23T01:55:44.937Z" },
    { url = "https://files.pythonhosted.org/packages/29/ba/2a0c38df3fc557620b6a5acd98364af050053b6285b4dc7ee74100c63c18/aiohttp-3.14.3-cp314-cp314-ios_13_0_arm64_iphoneos.whl", hash = "sha256:614c61d478b83953e261d02bb2df750f17227cd33ef8002945bf5aebbde21919", size = 488134, upload-time = "2026-07-23T01:55:47.135Z" },
    { url = "https://files.pythonhosted.org/packages/48/d6/d51b7d4bf309af3693940d8ffd2b9ed0b682434ef85959b7c9c137f60cf8/aiohttp-3.14.3-cp314-cp314-ios_13_0_arm64_iphonesimulator.whl", hash = "sha256:1caa7b0d05f3e3a36f87788c59e970a7ee1cefcfcbb924a9f138c4a6551c9cb7", size = 494201, upload-time = "2026-07-23T01:55:49.451Z" },
    { url = "https://files.pythonhosted.org/packages/3f/5a/8f624384e5f1efabb5229b94157eb966b021e97bdb188c62860c2ae243c2/aiohttp-3.14.3-cp314-cp314-ios_13_0_x86_64_iphonesimulator.whl", hash = "sha256:dfa68deb2a443bdaa3ea5297b0699c1464f08aef3812b486d1348eee61b07dc0", size = 502766, upload-time = "2026-07-23T01:55:51.656Z" },
    { url = "https://files.pythonhosted.org/packages/a6/26/4ff0164370deec18fb19254ee4ab10b7a73304ac0c860b13f5f84663759b/aiohttp-3.14.3-cp314-cp314-macosx_10_15_universal2.whl", hash = "sha256:e72ee89e28d907a18f46959b4eb0bb06701cc7f8cf4366e00029e2ccfaaf5924", size = 756557, upload-time = "2026-07-23T01:55:53.964Z" },
    { url = "https://files.pythonhosted.org/packages/97/a3/7056b86dc0d9ec709ea9777eae3b0161428f943372f8b98c01c11593b682/aiohttp-3.14.3-cp314-cp314-macosx_10_15_x86_64.whl", hash = "sha256:ad4c8b7488d745d2ca4838ebd8ae5ba9b56341d30b1da43640e4ce87f9f49646", size = 510168, upload-time = "2026-07-23T01:55:56.22Z" },
    { url = "https://files.pythonhosted.org/packages/85/ed/0357a015892fd68058bf2d39d3fd1958e459b997a7db30aaa6aaa434ae96/aiohttp-3.14.3-cp314-cp314-macosx_11_0_arm64.whl", hash = "sha256:db332af25642007330fca8be5c4d194caf2bea7a7fc84415aff3497af5dfee6b", size = 512957, upload-time = "2026-07-23T01:55:58.437Z" },
    { url = "https://files.pythonhosted.org/packages/47/d1/8aba53f15ccb2238405f5e9d30e2a8ca44f93878c26e7165ade00d374b1c/aiohttp-3.14.3-cp314-cp314-manylinux2014_aarch64.manylinux_2_17_aarch64.manylinux_2_28_aarch64.whl", hash = "sha256:25bd2708db6bdf6a6630dd37bdcdfcb47c4434d22ac69c64665b802910140b30", size = 1750149, upload-time = "2026-07-23T01:56:00.856Z" },
    { url = "https://files.pythonhosted.org/packages/49/bd/40c3fee327529284375c6701cbb0fa4600cc2e8432af1378f897e2ef7d3a/aiohttp-3.14.3-cp314-cp314-manylinux2014_armv7l.manylinux_2_17_armv7l.manylinux_2_31_armv7l.whl", hash = "sha256:cef89a58e628c4efcac3275c2d68083f82426dcdc89c1492a6f654f9f7ea6ab9", size = 1707685, upload-time = "2026-07-23T01:56:03.371Z" },
    { url = "https://files.pythonhosted.org/packages/2a/a3/ca0cc6724cca8114b05694abd916060758c79894c3aa5b012cdadc1bc28e/aiohttp-3.14.3-cp314-cp314-manylinux2014_ppc64le.manylinux_2_17_ppc64le.manylinux_2_28_ppc64le.whl", hash = "sha256:c23ec8ee9d5ab2f5421f9c7fffce208435607af27fd46d4a44e031954352838f", size = 1803911, upload-time = "2026-07-23T01:56:05.817Z" },
    { url = "https://files.pythonhosted.org/packages/95/b5/85b099c299c3ffd38ad9b3e43694c8a346934e4a30c88c4fd5a841234f77/aiohttp-3.14.3-cp314-cp314-manylinux2014_s390x.manylinux_2_17_s390x.manylinux_2_28_s390x.whl", hash = "sha256:e2667f0bbe7eb6c74eae5e9691441ad186e5845ca3cff63230fc09c4e7514f5d", size = 1876929, upload-time = "2026-07-23T01:56:08.413Z" },
    { url = "https://files.pythonhosted.org/packages/d5/b7/1da684a04175473fa4cddbf9a2f572e79514c3fd27a74597f43057d4f3da/aiohttp-3.14.3-cp314-cp314-manylinux2014_x86_64.manylinux_2_17_x86_64.manylinux_2_28_x86_64.whl", hash = "sha256:18cb43369747b2ae007bd2655fb8e63a099c2ff1d207962943636dac989b3147", size = 1761112, upload-time = "2026-07-23T01:56:10.918Z" },
    { url = "https://files.pythonhosted.org/packages/d1/16/bc4b55e3e5cb175fd69c53c90d60d2f47797cb343da5106e23863dc4dba4/aiohttp-3.14.3-cp314-cp314-manylinux_2_31_riscv64.manylinux_2_39_riscv64.whl", hash = "sha256:d77640cc618c1d99fc4f8589c0f24a730adfa54eb1e57ef7bf0c8dfb78da898c", size = 1583500, upload-time = "2026-07-23T01:56:13.613Z" },
    { url = "https://files.pythonhosted.org/packages/2a/e8/13a9d957a1ee40837f46aa30f0f4c657e673ad86a2e6362a9f9be20d26d9/aiohttp-3.14.3-cp314-cp314-musllinux_1_2_aarch64.whl", hash = "sha256:53e5179d8abb5710f8e83ba207c41c8d1261fcffd4616500e15ca2b7a33be10a", size = 1713940, upload-time = "2026-07-23T01:56:15.969Z" },
    { url = "https://files.pythonhosted.org/packages/38/05/d33c680c1bcf1c7e130f9cbfc1fc02fe8bb0c4af2a94a53dd5fb56131e5c/aiohttp-3.14.3-cp314-cp314-musllinux_1_2_armv7l.whl", hash = "sha256:cd817772b2fcf2b8c0905795318485f9ec16eae60b29feb7f4c77085311637f0", size = 1724413, upload-time = "2026-07-23T01:56:18.591Z" },
    { url = "https://files.pythonhosted.org/packages/85/1d/af798d306f7a74b6a632dbcabcf62a4c91391b7582d2a8c6d7712e2cc54e/aiohttp-3.14.3-cp314-cp314-musllinux_1_2_ppc64le.whl", hash = "sha256:4e3ac92d90e92773b2362d506068e9a948192bd553e743c5b2429e28527c8661", size = 1770748, upload-time = "2026-07-23T01:56:21.074Z" },
    { url = "https://files.pythonhosted.org/packages/a8/92/ad720d472556a995049206867765e9410969684f86ee09423ff9969044c1/aiohttp-3.14.3-cp314-cp314-musllinux_1_2_riscv64.whl", hash = "sha256:3f42e9b78301f11c8f861746175d8b9c1ccef713fcad9eab396e2f6db8ed4a22", size = 1577564, upload-time = "2026-07-23T01:56:23.475Z" },
    { url = "https://files.pythonhosted.org/packages/60/ad/0ed7586cbef7a884e23a752fa2bb987a122e6a5dd50dab109258d0a95193/aiohttp-3.14.3-cp314-cp314-musllinux_1_2_s390x.whl", hash = "sha256:9d9edccfe496b476db5f398d97b865e9a6752bcf8aec4eef8390ce20fb64bb41", size = 1782080, upload-time = "2026-07-23T01:56:25.994Z" },
    { url = "https://files.pythonhosted.org/packages/97/ea/dbaed0d73e8a69aad653b045dab451c67c2454bb731a37b45a86593e9422/aiohttp-3.14.3-cp314-cp314-musllinux_1_2_x86_64.whl", hash = "sha256:1c5ec8fb1bcc31a8466f74aaf26c345d5c386fa4bd08a3f0eb9c7a4a3fe8b5bf", size = 1745813, upload-time = "2026-07-23T01:56:28.604Z" },
    { url = "https://files.pythonhosted.org/packages/81/1b/6893d4bc57e434fc93a6c9217c637d967a0b651d989f6e3265179375754a/aiohttp-3.14.3-cp314-cp314-win32.whl", hash = "sha256:38901a84da3ce22249f6e860bf8f90d141bcab7da090cc398f8bb58c0e44b7da", size = 455872, upload-time = "2026-07-23T01:56:31.031Z" },
    { url = "https://files.pythonhosted.org/packages/f5/8b/c7baa1ba1eda4db6989baefe5de6d99834921b84ebd7918624febcb9f290/aiohttp-3.14.3-cp314-cp314-win_amd64.whl", hash = "sha256:8b3b60de05f3dcb6f6a00f818bb2ec781cee4de0645f59ccaf99b1d1823b6100", size = 481030, upload-time = "2026-07-23T01:56:33.365Z" },
    { url = "https://files.pythonhosted.org/packages/22/8c/c29d067df825a2df88ca432db848aa2fe8199598359cc06c12b09320cac9/aiohttp-3.14.3-cp314-cp314-win_arm64.whl", hash = "sha256:1576145bdceeb92382d899751e12743a3a5b8e460a841e3e50543859e54864dc", size = 453669, upload-time = "2026-07-23T01:56:35.731Z" },
    { url = "https://files.pythonhosted.org/packages/6a/a4/9c033beb355d39b6147980597ec9645e4729243f686ee4dc73945de72030/aiohttp-3.14.3-cp314-cp314t-macosx_10_15_universal2.whl", hash = "sha256:8800c996b01c2772a783e3e46f3e1abd5823029adca0df54231960de9bfefa5b", size = 791403, upload-time = "2026-07-23T01:56:37.972Z" },
    { url = "https://files.pythonhosted.org/packages/80/ca/87c32a0a7704583cfc49660bd817889bae5b830bf53b5dcb4e92145ac2da/aiohttp-3.14.3-cp314-cp314t-macosx_10_15_x86_64.whl", hash = "sha256:ebe8e504f058fe91223351cecd2d9d6946c9d241bb0250d898ffbdf584cc72b0", size = 526413, upload-time = "2026-07-23T01:56:40.523Z" },
    { url = "https://files.pythonhosted.org/packages/9e/d8/8ec0e471248c500acdce2be3f46db8fb62b5eb60efef072529cc85ee1d26/aiohttp-3.14.3-cp314-cp314t-macosx_11_0_arm64.whl", hash = "sha256:30402d03a7c0ff52bce290b57e564e9079fd9d0cb545c8aba73f86a103162d2e", size = 532135, upload-time = "2026-07-23T01:56:42.876Z" },
    { url = "https://files.pythonhosted.org/packages/fe/45/f8919fd936e8b79fcd9bda7b6d8e62613462a713f4f17987fd7c34399142/aiohttp-3.14.3-cp314-cp314t-manylinux2014_aarch64.manylinux_2_17_aarch64.manylinux_2_28_aarch64.whl", hash = "sha256:9fc7b5bfec6573f3ae844f457fdde5adeb713f8b8e4a81ad64fc207b49383716", size = 1922742, upload-time = "2026-07-23T01:56:45.528Z" },
    { url = "https://files.pythonhosted.org/packages/f6/ec/9ca76b28a27525b0cc53e20842e0228b022f301ce1f436b7d814b4aaf2df/aiohttp-3.14.3-cp314-cp314t-manylinux2014_armv7l.manylinux_2_17_armv7l.manylinux_2_31_armv7l.whl", hash = "sha256:8a5fd34f7f7410d1730d5c2ba873cacb2eed3fede366feb268a70ba22581ed8f", size = 1787371, upload-time = "2026-07-23T01:56:48.045Z" },
    { url = "https://files.pythonhosted.org/packages/b1/04/6acdbf17315f7b55f1937e3387acb89a3cddeb4995689553d064af8e92ab/aiohttp-3.14.3-cp314-cp314t-manylinux2014_ppc64le.manylinux_2_17_ppc64le.manylinux_2_28_ppc64le.whl", hash = "sha256:270d3dace9ca2f10f0da5d8ebe519b7a310fc6112ed916e32df5866df0888553", size = 1912623, upload-time = "2026-07-23T01:56:50.605Z" },
    { url = "https://files.pythonhosted.org/packages/86/e6/438b0c79ca6f45eb9fd9817dd4c01a91919a38c0de5ee9e05e2b4dc0ece7/aiohttp-3.14.3-cp314-cp314t-manylinux2014_s390x.manylinux_2_17_s390x.manylinux_2_28_s390x.whl", hash = "sha256:3ae5b3a59436d089b5395d910121a390feed4d00578eb95a0fd1a329fe963100", size = 2005515, upload-time = "2026-07-23T01:56:53.153Z" },
    { url = "https://files.pythonhosted.org/packages/bb/6b/62cbd6577758699525f5c712d1ddef57d9875fbab0ae8d5f5a202fd598f8/aiohttp-3.14.3-cp314-cp314t-manylinux2014_x86_64.manylinux_2_17_x86_64.manylinux_2_28_x86_64.whl", hash = "sha256:2498f0fe69ead802f9675beca44a7c21c62fdaa4ec5145ea1c3ad6edbee29f85", size = 1879906, upload-time = "2026-07-23T01:56:55.818Z" },
    { url = "https://files.pythonhosted.org/packages/00/95/18bcbf830a21dc3aae24d8f6b6feaf3db1d2090242d00a7868db2ffb0b67/aiohttp-3.14.3-cp314-cp314t-manylinux_2_31_riscv64.manylinux_2_39_riscv64.whl", hash = "sha256:a0dc483c00da8b673abbb367eb6f8d8f4bcec30eb58529ea13cb42e7fd2dfa33", size = 1675849, upload-time = "2026-07-23T01:56:58.861Z" },
    { url = "https://files.pythonhosted.org/packages/a9/19/47f4968659c5e23606c3790c80fc624e691c153d036148449ee84d31b287/aiohttp-3.14.3-cp314-cp314t-musllinux_1_2_aarch64.whl", hash = "sha256:c7d3a97c678d34fc5b59da671ee9cd630096ddc643e7b5a30d54a2a6f3574d3f", size = 1843496, upload-time = "2026-07-23T01:57:01.591Z" },
    { url = "https://files.pythonhosted.org/packages/64/af/38c33c4dd82fddcb4e56c4653b6f1072a8edbc6b7fa15809f14932c41e2d/aiohttp-3.14.3-cp314-cp314t-musllinux_1_2_armv7l.whl", hash = "sha256:f8fb78a83c9e5f741ca3a68cfb455c1f5bb83b4e7249a3848b3cd78d0a8563b0", size = 1827746, upload-time = "2026-07-23T01:57:05.131Z" },
    { url = "https://files.pythonhosted.org/packages/a1/9d/0537cda4885ac8f5b7053d164dd06312f4c483a4edcb8ee5b8aaf2a989bf/aiohttp-3.14.3-cp314-cp314t-musllinux_1_2_ppc64le.whl", hash = "sha256:74ab5b6a9fb13e873e5a90946588baecaf488745e1db1a4a5c433f971f035098", size = 1853810, upload-time = "2026-07-23T01:57:08.043Z" },
    { url = "https://files.pythonhosted.org/packages/19/fe/26f9c5e6458385aa86497836b0dea6fb2f027827d63f37c7856cce9286ee/aiohttp-3.14.3-cp314-cp314t-musllinux_1_2_riscv64.whl", hash = "sha256:bd52f811e65f6fb634b1047159657c98f52b407f8efec907bcfc09da9a4c0a25", size = 1668895, upload-time = "2026-07-23T01:57:10.837Z" },
    { url = "https://files.pythonhosted.org/packages/ec/4c/618b1db9b9ba079b8875d2cdf78e7c4a3bf72903bd5850fee7dd9544600a/aiohttp-3.14.3-cp314-cp314t-musllinux_1_2_s390x.whl", hash = "sha256:f0f177d1b195b9e06376cfd7d308d8a1b920909a609d03ac82a8c73bbb16d3b9", size = 1883833, upload-time = "2026-07-23T01:57:13.672Z" },
    { url = "https://files.pythonhosted.org/packages/94/c6/bd959bd1e4771f9fd944e9e436224c48c77b018b73b519b5aad346335bcc/aiohttp-3.14.3-cp314-cp314t-musllinux_1_2_x86_64.whl", hash = "sha256:498c6c623134f8e09a3c4e60bcd607a0b4590dd7dbf08dd40851b27cbb520ccb", size = 1844251, upload-time = "2026-07-23T01:57:16.593Z" },
    { url = "https://files.pythonhosted.org/packages/5e/19/08d41839658bdd44a0ed2480f3891705ecb487ce28c0dde62c9040c997e0/aiohttp-3.14.3-cp314-cp314t-win32.whl", hash = "sha256:b304db572b4368edd8dda8a2274f73156fe15558fca4a917cb8a09fc47af5963", size = 474180, upload-time = "2026-07-23T01:57:19.306Z" },
    { url = "https://files.pythonhosted.org/packages/99/5d/3cd6ef0a2b2851f7ab913b5b079334781bd50ff56a323e4454063377a080/aiohttp-3.14.3-cp314-cp314t-win_amd64.whl", hash = "sha256:b20032766aedf6261c7a566585a40867d092ac03a0d81592d5370ef9b054f99b", size = 500528, upload-time = "2026-07-23T01:57:21.762Z" },
    { url = "https://files.pythonhosted.org/packages/a4/37/cfd1ed540a4d318da025590d96b728e63713c09e9377950fc655dadeb856/aiohttp-3.14.3-cp314-cp314t-win_arm64.whl", hash = "sha256:2e1161602f45a54de2ce0905243a95f58cb42dcd378402f3697f5e0b21e9d2e7", size = 469280, upload-time = "2026-07-23T01:57:24.241Z" },
]

[[package]]
