
[[package]]
name = "aiohttp"
version = "3.14.1"
source = { registry = "https://pypi.org/simple" }
dependencies = [
    { name = "aiohappyeyeballs" },
    { name = "typing-extensions", marker = "python_full_version < '3.13'" },
    { name = "yarl" },
]
sdist = { url = "https://files.pythonhosted.org/packages/82/78/8ea7308cac6934de8c74a14f3d5f65d1c89287426688be79538d0e5c013d/aiohttp-3.14.1.tar.gz", hash = "sha256:307f2cff90a764d329e77040603fa032db89c5c24fdad50c4c15334cba744035", size = 7955794, upload-time = "2026-06-07T21:09:35.529Z" }
wheels = [
    { url = "https://files.pythonhosted.org/packages/6d/67/58ded4b3f2e10f94972d8928050c85330e249a31dd45a0e5f3c0e9c3fa05/aiohttp-3.14.1-cp310-cp310-macosx_10_9_universal2.whl", hash = "sha256:8f6bb621e5863cfe8fe5ff5468002d200ec31f30f1280b259dc505b02595099e", size = 766140, upload-time = "2026-06-07T21:05:37.471Z" },
    { url = "https://files.pythonhosted.org/packages/18/68/4ae5b4e08943f316594bb68da89957d3baf5760588fa09509594bd777e4b/aiohttp-3.14.1-cp310-cp310-macosx_10_9_x86_64.whl", hash = "sha256:4f7215cb3933784f79ed20e5f050e15984f390424339b22375d5a53c933a0491", size = 519430, upload-time = "2026-06-07T21:05:40.751Z" },
    { url = "https://files.pythonhosted.org/packages/cb/c1/316c8f3549dbe5245f92bfd523ec6f32dd4d98cafe21df3f6a19b1184c75/aiohttp-3.14.1-cp310-cp310-macosx_11_0_arm64.whl", hash = "sha256:d9d4e294455b23a68c9b8f042d0e8e377a265bcb15332753695f6e5b6819e0ce", size = 514406, upload-time = "2026-06-07T21:05:42.111Z" },
    { url = "https://files.pythonhosted.org/packages/5a/ee/fb0ac28684e8d753b83c8a4eebc19a5846912aa0a4daaabb6a9936363840/aiohttp-3.14.1-cp310-cp310-manylinux2014_aarch64.manylinux_2_17_aarch64.manylinux_2_28_aarch64.whl", hash = "sha256:b238af795833d5731d049d82bc84b768ae6f8f97f0495963b3ed9935c5901cc3", size = 1703649, upload-time = "2026-06-07T21:05:43.427Z" },
    { url = "https://files.pythonhosted.org/packages/3b/57/aa2beab673331f111885db8a7b69dfe3ab0e53e446a0ace18ca694b4dc58/aiohttp-3.14.1-cp310-cp310-manylinux2014_armv7l.manylinux_2_17_armv7l.manylinux_2_31_armv7l.whl", hash = "sha256:e4e5e0ae56914ecdbf446493addefc0159053dd53962cef37d7839f37f73d505", size = 1675126, upload-time = "2026-06-07T21:05:44.897Z" },
    { url = "https://files.pythonhosted.org/packages/47/ea/dad128abe365e79be03b16ed464198ac73e0d257e8260c6f7d6f31cbef26/aiohttp-3.14.1-cp310-cp310-manylinux2014_ppc64le.manylinux_2_17_ppc64le.manylinux_2_28_ppc64le.whl", hash = "sha256:092e4ce3619a7c6dee52a6bdabda973d9b34b66781f840ce93c7e0cec30cf521", size = 1771558, upload-time = "2026-06-07T21:05:46.405Z" },
    { url = "https://files.pythonhosted.org/packages/63/f3/b5b4e10327cb85d34d24232c6b71b64602f190b3ccb238a043ac6b187dac/aiohttp-3.14.1-cp310-cp310-manylinux2014_s390x.manylinux_2_17_s390x.manylinux_2_28_s390x.whl", hash = "sha256:bb33777ea21e8b7ecde0e6fc84f598be0a1192eab1a63bc746d75aa75d38e7bd", size = 1856631, upload-time = "2026-06-07T21:05:47.844Z" },
    { url = "https://files.pythonhosted.org/packages/2b/9d/93294c3045775c708ac8310eb3d3622a11d2951345ad590d532d62a1faa4/aiohttp-3.14.1-cp310-cp310-manylinux2014_x86_64.manylinux_2_17_x86_64.manylinux_2_28_x86_64.whl", hash = "sha256:23119f8fd4f5d16902ed459b63b100bcd269628075162bddac56cc7b5273b3fb", size = 1714139, upload-time = "2026-06-07T21:05:49.982Z" },
    { url = "https://files.pythonhosted.org/packages/29/c4/93067c85a0373492ce8e577435203c5947c454af074ac48ed4f3a1b9dd4a/aiohttp-3.14.1-cp310-cp310-manylinux_2_31_riscv64.manylinux_2_39_riscv64.whl", hash = "sha256:57fc6745a4b7d0f5a9eb4f40a69718be6c0bc1b8368cc9fe89e90118719f4f42", size = 1588321, upload-time = "2026-06-07T21:05:51.431Z" },
    { url = "https://files.pythonhosted.org/packages/c4/39/9ff91aaf02af8b7b8222a987466da539f154c3e01732c22b5f5a20a8ee66/aiohttp-3.14.1-cp310-cp310-musllinux_1_2_aarch64.whl", hash = "sha256:6fd35beba67c4183b09375c5fff9accb47524191a244a99f95fd4472f5402c2b", size = 1670375, upload-time = "2026-06-07T21:05:53.109Z" },
    { url = "https://files.pythonhosted.org/packages/aa/e4/77452a3676b8d99ac1375f77691d6bf65ea6e9f4b201b82ef77c916dc767/aiohttp-3.14.1-cp310-cp310-musllinux_1_2_armv7l.whl", hash = "sha256:672b9d65f42eb877f5c3f234a4547e4e1a226ca8c2eed879bb34670a0ce51192", size = 1690933, upload-time = "2026-06-07T21:05:54.902Z" },
    { url = "https://files.pythonhosted.org/packages/7d/84/b0059a7c7fc05ea23f3bc1596ba91c12f79588b9450564a24cac37536d0a/aiohttp-3.14.1-cp310-cp310-musllinux_1_2_ppc64le.whl", hash = "sha256:24ba13339fed9251d9b1a1bec8c7ab84c0d1675d79d33501e11f94f8b9a84e05", size = 1740798, upload-time = "2026-06-07T21:05:56.458Z" },
    { url = "https://files.pythonhosted.org/packages/8f/3a/e2a513ecbfc362591caa51a7f7e011b3bfc8938b388ae44cd95560d36999/aiohttp-3.14.1-cp310-cp310-musllinux_1_2_riscv64.whl", hash = "sha256:94da27378da0610e341c4d30de29a191672683cc82b8f9556e8f7c7212a020fe", size = 1576412, upload-time = "2026-06-07T21:05:57.953Z" },
    { url = "https://files.pythonhosted.org/packages/a1/10/08f1654f538f93d36dcac66310a06eefce4641cdafca83f9f0a5317be254/aiohttp-3.14.1-cp310-cp310-musllinux_1_2_s390x.whl", hash = "sha256:52cdac9432d8b4a719f35094a818d95adcae0f0b4fe9b9b921909e0c87de9e7d", size = 1750199, upload-time = "2026-06-07T21:05:59.488Z" },
    { url = "https://files.pythonhosted.org/packages/99/e4/d91b70c57d8b8e9611e4a2e52238ca3698d3dc1c2efe25b7a9bf594ac584/aiohttp-3.14.1-cp310-cp310-musllinux_1_2_x86_64.whl", hash = "sha256:672ac254412a24d0d0cf00a9e6c238877e4be5e5fa2d188832c1244f45f31966", size = 1699356, upload-time = "2026-06-07T21:06:01.131Z" },
    { url = "https://files.pythonhosted.org/packages/3d/f1/15340176f35ff61b95dbe34020bcf43f9e624a2d7bbac934715ff97d2033/aiohttp-3.14.1-cp310-cp310-win32.whl", hash = "sha256:2fe3607e71acc6ebb0ec8e492a247bf7a291226192dc0084236dfc12478916f6", size = 458939, upload-time = "2026-06-07T21:06:02.86Z" },
    { url = "https://files.pythonhosted.org/packages/c3/c2/a2f1ec5b37f903109e43ae2862268cfe4a67a60c1b2cf43169fcdff5995f/aiohttp-3.14.1-cp310-cp310-win_amd64.whl", hash = "sha256:30099eda75a53c32efb0920e9c33c195314d2cc1c680fbfd30894932ac5f27df", size = 482583, upload-time = "2026-06-07T21:06:04.666Z" },
    { url = "https://files.pythonhosted.org/packages/d0/7a/7b56f6732ef79530afaa72aa335d41b67c8d79b946995f0b11ad72985435/aiohttp-3.14.1-cp310-cp310-win_arm64.whl", hash = "sha256:5a837f49d901f9e368651b676912bff1104ed8c1a83b280bcd7b29adccef5c9c", size = 453470, upload-time = "2026-06-07T21:06:06.322Z" },
    { url = "https://files.pythonhosted.org/packages/26/dd/bf526e6f0a1120dd6f2df2e97bacfe4d358f13d17a0ff5847301a1375a51/aiohttp-3.14.1-cp311-cp311-macosx_10_9_universal2.whl", hash = "sha256:aa00140699487bd435fde4342d85c94cb256b7cd3a5b9c3396c67f19922afda2", size = 765225, upload-time = "2026-06-07T21:06:07.957Z" },
    { url = "https://files.pythonhosted.org/packages/8f/e1/a2872aa55495a70f61310d411541c6ee23812d9a884e000c716e1bc3edbf/aiohttp-3.14.1-cp311-cp311-macosx_10_9_x86_64.whl", hash = "sha256:1c1af67559445498b502030c35c59db59966f47041ca9de5b4e707f86bd10b5f", size = 518743, upload-time = "2026-06-07T21:06:09.749Z" },
    { url = "https://files.pythonhosted.org/packages/5b/e7/c60c7b209e509cc787de3cea0550a518538cfc08003e1c1e14c1c63fff71/aiohttp-3.14.1-cp311-cp311-macosx_11_0_arm64.whl", hash = "sha256:d44ec478e713ee7f29b439f7eb8dc2b9d4079e11ae114d2c2ac3d5daf30516c8", size = 514139, upload-time = "2026-06-07T21:06:11.26Z" },
    { url = "https://files.pythonhosted.org/packages/5b/8d/614ace2f579702c9840ab1e1447fd8509e35b0b904f7196418fa2f57b25d/aiohttp-3.14.1-cp311-cp311-manylinux2014_aarch64.manylinux_2_17_aarch64.manylinux_2_28_aarch64.whl", hash = "sha256:d3b1a184a9a8f548a6b73f1e26b96b052193e4b3175ed7342aaf1151a1f00a04", size = 1784088, upload-time = "2026-06-07T21:06:12.887Z" },
    { url = "https://files.pythonhosted.org/packages/49/e0/726e90f99542bf292f81a96a12cc4847deb86f3ccf62c6f4014a201f4d33/aiohttp-3.14.1-cp311-cp311-manylinux2014_armv7l.manylinux_2_17_armv7l.manylinux_2_31_armv7l.whl", hash = "sha256:5f2504bc0322437c9a1ff6d3333ca56c7477b727c995f036b976ae17b98372c8", size = 1737835, upload-time = "2026-06-07T21:06:14.564Z" },
    { url = "https://files.pythonhosted.org/packages/0b/4b/d176d5c4db9d33dacf0543102ea59503bc1d528af4cfd0b719949ca49389/aiohttp-3.14.1-cp311-cp311-manylinux2014_ppc64le.manylinux_2_17_ppc64le.manylinux_2_28_ppc64le.whl", hash = "sha256:73f05ea02013e02512c3bf42714f1208c57168c779cc6fe23516e4543089d0a6", size = 1842801, upload-time = "2026-06-07T21:06:16.228Z" },
    { url = "https://files.pythonhosted.org/packages/dc/d6/5a99b563690ea0cbed912ae94a2ce33993a5709a651a3a4fe761e7dd973a/aiohttp-3.14.1-cp311-cp311-manylinux2014_s390x.manylinux_2_17_s390x.manylinux_2_28_s390x.whl", hash = "sha256:797457503c2d426bee06eef808d07b31ede30b65e054444e7de64cad0061b7af", size = 1929992, upload-time = "2026-06-07T21:06:17.947Z" },
    { url = "https://files.pythonhosted.org/packages/76/7f/a987b14a3859094b3cea3f4825219c3e5536242564af6e3f9c2f6c994eb2/aiohttp-3.14.1-cp311-cp311-manylinux2014_x86_64.manylinux_2_17_x86_64.manylinux_2_28_x86_64.whl", hash = "sha256:b821a1f7dedf7e37450654e620038ac3b2e81e8fa6ea269337e97101978ec730", size = 1786989, upload-time = "2026-06-07T21:06:19.677Z" },
    { url = "https://files.pythonhosted.org/packages/f1/1a/420e5c85a3e73349372ed22ce0b6af86bfa6ce16a4b20a64a2e94608c781/aiohttp-3.14.1-cp311-cp311-manylinux_2_31_riscv64.manylinux_2_39_riscv64.whl", hash = "sha256:4cd96b5ba05d67ed0cf00b5b405c8cd99586d8e3481e8ee0a831057591af7621", size = 1640129, upload-time = "2026-06-07T21:06:22.558Z" },
    { url = "https://files.pythonhosted.org/packages/a7/80/18a592ed3be0a402cc03670bd72ee1f8563ddbe1d8d5542dbf868f274136/aiohttp-3.14.1-cp311-cp311-musllinux_1_2_aarch64.whl", hash = "sha256:1d459b98a932296c6f0e94f87511a0b1b90a8a02c30a50e60a297619cd5a58ee", size = 1756576, upload-time = "2026-06-07T21:06:24.8Z" },
    { url = "https://files.pythonhosted.org/packages/ec/0b/8b3d5713373858ff71a617daf6e3b0e81ad63e79d09a3cf2f6b6b983939c/aiohttp-3.14.1-cp311-cp311-musllinux_1_2_armv7l.whl", hash = "sha256:764457a7be60825fb770a644852ff717bcbb5042f189f2bd16df61a81b3f6573", size = 1754668, upload-time = "2026-06-07T21:06:26.528Z" },
    { url = "https://files.pythonhosted.org/packages/9f/49/fd564575cf225821d7ba5a117cb8bc27213d8a7e1811162afb43ae077039/aiohttp-3.14.1-cp311-cp311-musllinux_1_2_ppc64le.whl", hash = "sha256:f7a16ef45b081454ef844502d87a848876c490c4cb5c650c230f6ec79ed2c1e7", size = 1817019, upload-time = "2026-06-07T21:06:28.297Z" },
    { url = "https://files.pythonhosted.org/packages/ed/1b/e850c9ae6fc91356552ae668bb6c51e93fa29c8aef13398a10b56678557f/aiohttp-3.14.1-cp311-cp311-musllinux_1_2_riscv64.whl", hash = "sha256:2fbc3ed048b3475b9f0cbcb9978e9d2d3511acd91ead203af26ed9f0056004cf", size = 1631638, upload-time = "2026-06-07T21:06:30.242Z" },
    { url = "https://files.pythonhosted.org/packages/eb/94/3c337ba72451a89806ace6f75bddc92bafc5b8d53d90115a512858024b63/aiohttp-3.14.1-cp311-cp311-musllinux_1_2_s390x.whl", hash = "sha256:bedb0cd073cc2dc035e30aeb99444389d3cd2113afe4ef9fcd23d439f5bade85", size = 1835660, upload-time = "2026-06-07T21:06:31.943Z" },
    { url = "https://files.pythonhosted.org/packages/2b/9c/9c18cf367a0498212d9ba7daf990b504a5e8ae064cda4b504e2647c89c03/aiohttp-3.14.1-cp311-cp311-musllinux_1_2_x86_64.whl", hash = "sha256:b6feea921016eb3d4e04d65fc4e9ca402d1a3801f562aef94989f54694917af3", size = 1775698, upload-time = "2026-06-07T21:06:33.72Z" },
    { url = "https://files.pythonhosted.org/packages/b5/63/a251a9d2a6cb45065b2ddc0bde2b3dd10108740a9a42f632c66405a761a2/aiohttp-3.14.1-cp311-cp311-win32.whl", hash = "sha256:313701e488100074ce99850404ee36e741abf6330179fec908a1944ecf570126", size = 458386, upload-time = "2026-06-07T21:06:35.279Z" },
    { url = "https://files.pythonhosted.org/packages/17/ca/69274c51dcd6e8947d77b2806cf47a4a15f2c846e2cbeb1882547d3da283/aiohttp-3.14.1-cp311-cp311-win_amd64.whl", hash = "sha256:03ab4530fdcb3a543a122ba4b65ac9919da9fe9f78a03d328a6e38ff962f7aa5", size = 483406, upload-time = "2026-06-07T21:06:36.824Z" },
    { url = "https://files.pythonhosted.org/packages/2c/8a/c25904f77690c3688ec140f87591ef11a0cfe36bf3d5c0f1f38056fb62b3/aiohttp-3.14.1-cp311-cp311-win_arm64.whl", hash = "sha256:486f7d16ed54c39c2cbd7ca71fd8ba2b8bb7860df65bd7b6ed640bab96a38a8b", size = 452987, upload-time = "2026-06-07T21:06:38.371Z" },
    { url = "https://files.pythonhosted.org/packages/1d/21/151624b51cd92553d95424daf4bf19f19ce9be9002d19253e7e7ce67197b/aiohttp-3.14.1-cp312-cp312-macosx_10_13_universal2.whl", hash = "sha256:d35143e27778b4bb0fb189562d7f275bff79c62ab8e98459717c0ea617ff2480", size = 757402, upload-time = "2026-06-07T21:06:40.311Z" },
    { url = "https://files.pythonhosted.org/packages/c2/82/280619e0bd7bf2454987e19282616e84762255dd9c8468f62382e8c191f1/aiohttp-3.14.1-cp312-cp312-macosx_10_13_x86_64.whl", hash = "sha256:bcfb80a2cc36fba2534e5e5b5264dc7ae6fcd9bf15256da3e53d2f499e6fa29d", size = 512310, upload-time = "2026-06-07T21:06:42.207Z" },
    { url = "https://files.pythonhosted.org/packages/55/b2/2aac325583aaa1353045f96dffa586d8a34e8322e14a7ba49cffeb103ab4/aiohttp-3.14.1-cp312-cp312-macosx_11_0_arm64.whl", hash = "sha256:27fd7c91e51729b4f7e1577865fa6d34c9adccbc39aabe9000285b48af9f0ec2", size = 512448, upload-time = "2026-06-07T21:06:43.813Z" },
    { url = "https://files.pythonhosted.org/packages/8a/72/a60607cb849faa8af8a356c9329ea2eb6f395d49e82cc82ccba1fd8deb8f/aiohttp-3.14.1-cp312-cp312-manylinux2014_aarch64.manylinux_2_17_aarch64.manylinux_2_28_aarch64.whl", hash = "sha256:64c567bf9eaf664280116a8688f63016e6b32db2505908e2bdaca1b6438142f2", size = 1766854, upload-time = "2026-06-07T21:06:45.391Z" },
    { url = "https://files.pythonhosted.org/packages/b5/d3/d9fe1c9ec7557ab4d0d82bebaa728c6418f0b93295ec2f4ab015f7710cc7/aiohttp-3.14.1-cp312-cp312-manylinux2014_armv7l.manylinux_2_17_armv7l.manylinux_2_31_armv7l.whl", hash = "sha256:f5e6ff2bdbb8f4cd3fbe41f99e25bbcd58e3bf9f13d3dd31a11e7917251cc77a", size = 1740884, upload-time = "2026-06-07T21:06:47.413Z" },
    { url = "https://files.pythonhosted.org/packages/c1/dc/f2cecfaf9337ba3e63f181500814ff502aa3d00d9c7ec93a9d23d10a27b2/aiohttp-3.14.1-cp312-cp312-manylinux2014_ppc64le.manylinux_2_17_ppc64le.manylinux_2_28_ppc64le.whl", hash = "sha256:2f73e01dc37122325caf079982621262f96d74823c179038a82fddfc50359264", size = 1810034, upload-time = "2026-06-07T21:06:50.165Z" },
    { url = "https://files.pythonhosted.org/packages/66/d7/2ff65c5e65c0d7476daf7e15c032e0805e36811185b9623e3238ad6c763e/aiohttp-3.14.1-cp312-cp312-manylinux2014_s390x.manylinux_2_17_s390x.manylinux_2_28_s390x.whl", hash = "sha256:bb2c0c80d431c0d03f2c7dbf125150fedd4f0de17366a7ca33f7ccb822391842", size = 1904054, upload-time = "2026-06-07T21:06:52.035Z" },
    { url = "https://files.pythonhosted.org/packages/20/9c/d445818389df371f56d141d881153ba23183c4735a03f7356ffb43f7757d/aiohttp-3.14.1-cp312-cp312-manylinux2014_x86_64.manylinux_2_17_x86_64.manylinux_2_28_x86_64.whl", hash = "sha256:3e6fc1a85fa7194a1a7d19f44e8609180f4a8eb5fa4c7ed8b4355f080fad235c", size = 1790278, upload-time = "2026-06-07T21:06:54.049Z" },
    { url = "https://files.pythonhosted.org/packages/4d/aa/bf04cb4d865fc6101c2229a294ad744973b72e513fdc5a6b791e6983d72a/aiohttp-3.14.1-cp312-cp312-manylinux_2_31_riscv64.manylinux_2_39_riscv64.whl", hash = "sha256:686b6c0d3911ec387b444ddf5dc62fb7f7c0a7d5186a7861626496a5ab4aff95", size = 1591795, upload-time = "2026-06-07T21:06:55.911Z" },
    { url = "https://files.pythonhosted.org/packages/dc/b4/4dac0038960427ba832f6609dfb4ea5437d7fd80c72001b9e48f834f428b/aiohttp-3.14.1-cp312-cp312-musllinux_1_2_aarch64.whl", hash = "sha256:c6fa4dc7ad6f8109c70bb1499e589f76b0b792baf39f9b017eb92c8a81d0a199", size = 1728397, upload-time = "2026-06-07T21:06:57.777Z" },
    { url = "https://files.pythonhosted.org/packages/2b/f9/7cd4e8ad7aa3b75f17d56bb5498dd604a93d4e6eece822ba0568c413fff0/aiohttp-3.14.1-cp312-cp312-musllinux_1_2_armv7l.whl", hash = "sha256:87a5eea1b2a5e21e1ebdbb33ad4165359189327e63fc4e4894693e7f821ac817", size = 1766504, upload-time = "2026-06-07T21:07:00.009Z" },
    { url = "https://files.pythonhosted.org/packages/f9/df/fc01d9fcad0f73fed3f3d361f1f94f975947b50dff82919f6dc2bf4316cc/aiohttp-3.14.1-cp312-cp312-musllinux_1_2_ppc64le.whl", hash = "sha256:1c1421eb01d4fd608d88cc8290211d177a58532b55ad94076fb349c5bf467f0a", size = 1777806, upload-time = "2026-06-07T21:07:02.064Z" },
    { url = "https://files.pythonhosted.org/packages/41/09/47e2d090bddcc8fb4ccb4c314aadc32d7c5d9bb55f50f6ad1c92fc15d501/aiohttp-3.14.1-cp312-cp312-musllinux_1_2_riscv64.whl", hash = "sha256:34b257ec41345c1e8f2df68fa908a7952f5de932723871eb633ecbbff396c9a4", size = 1580707, upload-time = "2026-06-07T21:07:03.942Z" },
    { url = "https://files.pythonhosted.org/packages/3d/36/f1a4ce904ae0b6930cfe9afc96d0896f7ec1a620c400405d63783bb95a9c/aiohttp-3.14.1-cp312-cp312-musllinux_1_2_s390x.whl", hash = "sha256:de538791a80e5d862addbc183f70f0158ac9b9bb872bb147f1fd2a683691e087", size = 1798121, upload-time = "2026-06-07T21:07:05.987Z" },
    { url = "https://files.pythonhosted.org/packages/70/0a/e0075ce9ca0279ee1d4f0c0b85f54fea02ebc83c3007651a72bece658fec/aiohttp-3.14.1-cp312-cp312-musllinux_1_2_x86_64.whl", hash = "sha256:6f71173be42d3241d428f760122febb748de0623f44308a6f120d0dd9ec572e3", size = 1767580, upload-time = "2026-06-07T21:07:07.873Z" },
    { url = "https://files.pythonhosted.org/packages/3e/61/a0c0a8f327a9c52095cdd8e312391b00d3ed64ab6c72bb5c33d8ec251cf7/aiohttp-3.14.1-cp312-cp312-win32.whl", hash = "sha256:ec8dc383ee57ea3e883477dcca3f11b65d58199f1080acaf4cd6ad9a99698be4", size = 452771, upload-time = "2026-06-07T21:07:09.669Z" },
    { url = "https://files.pythonhosted.org/packages/df/d9/ea367c75f16ac9c6cdc8febb25e8318fa21a2b1bc8d6514d4b2d890bface/aiohttp-3.14.1-cp312-cp312-win_amd64.whl", hash = "sha256:2aa92c87868cd13674989f9ee83e5f9f7ea4237589b728048e1f0c8f6caa3271", size = 479873, upload-time = "2026-06-07T21:07:11.538Z" },
    { url = "https://files.pythonhosted.org/packages/03/64/8d96784a7851156db8a4c6c3f6f91042fdf39fb15a4cc38c8b3c14833c45/aiohttp-3.14.1-cp312-cp312-win_arm64.whl", hash = "sha256:2c840c90759922cb5e6dda94596e079a30fb5a5ba548e7e0dc00574703940847", size = 448073, upload-time = "2026-06-07T21:07:13.637Z" },
    { url = "https://files.pythonhosted.org/packages/bc/97/bd137012dd97e1649162b099135a80e1fd59aaa807b2430fc448d1029aff/aiohttp-3.14.1-cp313-cp313-android_21_arm64_v8a.whl", hash = "sha256:b3a03285a7f9c7b016324574a6d92a1c895da6b978cb8f1deee3ac72bc6da178", size = 506882, upload-time = "2026-06-07T21:07:15.501Z" },
    { url = "https://files.pythonhosted.org/packages/ef/79/e5cc690e9d922a66887ceeaca53a8ffd5a7b0be3816142b7abc433742d89/aiohttp-3.14.1-cp313-cp313-android_21_x86_64.whl", hash = "sha256:2a73f487ab8ef5abbb24b7aa9b73e98eaba9e9e031804ff2416f02eca315ccaf", size = 515270, upload-time = "2026-06-07T21:07:17.53Z" },
    { url = "https://files.pythonhosted.org/packages/fe/22/a73ccbf9dbd6e26dda0b24d5fd5db7da92ee3383a79f47677ffb834c5c5b/aiohttp-3.14.1-cp313-cp313-ios_13_0_arm64_iphoneos.whl", hash = "sha256:915fbb7b41b115192259f8c9ae58f3ddc444d2b5579917270211858e606a4afd", size = 485841, upload-time = "2026-06-07T21:07:19.555Z" },
    { url = "https://files.pythonhosted.org/packages/3b/b9/57ed8eaf596321c2ad747bd480fb1700dbd7177c60dfc9e4c187f629662e/aiohttp-3.14.1-cp313-cp313-ios_13_0_arm64_iphonesimulator.whl", hash = "sha256:7fb4bdf95b0561a79f259f9d28fbc109728c5ee7f27aff6391f0ca703a329abe", size = 492088, upload-time = "2026-06-07T21:07:21.581Z" },
    { url = "https://files.pythonhosted.org/packages/78/c0/5ebe5270a7c140d7c6f79dcb018640225f14d406c149e4eec04a7d82fe71/aiohttp-3.14.1-cp313-cp313-ios_13_0_x86_64_iphonesimulator.whl", hash = "sha256:1b9748363260121d2927704f5d4fc498150669ca3ae93625986ee89c8f80dcd4", size = 501564, upload-time = "2026-06-07T21:07:23.388Z" },
    { url = "https://files.pythonhosted.org/packages/75/7f/8cdaa24fc7983865e0915153b96a9ac5bcdd3548d64c5a27d17cecccad2d/aiohttp-3.14.1-cp313-cp313-macosx_10_13_universal2.whl", hash = "sha256:86a6dab78b0e43e2897a3bbe15745aa60dc5423ca437b7b0b164c069bf91b876", size = 751998, upload-time = "2026-06-07T21:07:25.046Z" },
    { url = "https://files.pythonhosted.org/packages/b2/f4/c4227aacfacc5cb0cc2d119b65301d177912a6842cd64e120c47af76064f/aiohttp-3.14.1-cp313-cp313-macosx_10_13_x86_64.whl", hash = "sha256:4dfd6e47d3c44c2279907607f73a4240b88c69eb8b90da7e2441a8045dfd21da", size = 510918, upload-time = "2026-06-07T21:07:27.28Z" },
    { url = "https://files.pythonhosted.org/packages/ab/01/a2d5f96cd4e74424864d30bc0a7e44d0a12dacdcfa91b5b2d1bd3dca6bf3/aiohttp-3.14.1-cp313-cp313-macosx_11_0_arm64.whl", hash = "sha256:317acd9f8602858dc7d59679812c376c7f0b97bcbbf16e0d6237f54141d8a8a6", size = 508657, upload-time = "2026-06-07T21:07:29.252Z" },
    { url = "https://files.pythonhosted.org/packages/e8/ed/3c0fb5c500fdd8e7ebc10d1889c04384fffa1a9163eac1356088ca9da1b1/aiohttp-3.14.1-cp313-cp313-manylinux2014_aarch64.manylinux_2_17_aarch64.manylinux_2_28_aarch64.whl", hash = "sha256:bd869c427324e5cb15195793de951295710db28be7d818247f3097b4ab5d4b96", size = 1757907, upload-time = "2026-06-07T21:07:31.03Z" },
    { url = "https://files.pythonhosted.org/packages/0b/ab/d4c924d9bd5be3050c226612413ce68cb54c70d2c31b661bfc8d9a5b6a70/aiohttp-3.14.1-cp313-cp313-manylinux2014_armv7l.manylinux_2_17_armv7l.manylinux_2_31_armv7l.whl", hash = "sha256:93b032b5ec3255473c143627d21a69ac74ae12f7f33974cb587c564d11b1066f", size = 1737565, upload-time = "2026-06-07T21:07:33.031Z" },
    { url = "https://files.pythonhosted.org/packages/19/2a/37326821ff779084020cdc33224d20b19f42f4183a500ff92022a739eda7/aiohttp-3.14.1-cp313-cp313-manylinux2014_ppc64le.manylinux_2_17_ppc64le.manylinux_2_28_ppc64le.whl", hash = "sha256:f234b4deb12f3ad59127e037bc57c40c21e45b45282df7d3a55a0f409f595296", size = 1799018, upload-time = "2026-06-07T21:07:35.003Z" },
    { url = "https://files.pythonhosted.org/packages/b3/4f/6e947ba73e4ce09070761c05ed3a8ceb7c21f5e46798671d8b2aac0e4626/aiohttp-3.14.1-cp313-cp313-manylinux2014_s390x.manylinux_2_17_s390x.manylinux_2_28_s390x.whl", hash = "sha256:9af6779bfb46abf124068327abcdf9ce95c9ef8287a3e8da76ccf2d0f16c28fa", size = 1894416, upload-time = "2026-06-07T21:07:36.956Z" },
    { url = "https://files.pythonhosted.org/packages/9d/6e/dbf1d0625dc711fb2851f4f3c3055c39ed58bae92082d8c627dbe6013736/aiohttp-3.14.1-cp313-cp313-manylinux2014_x86_64.manylinux_2_17_x86_64.manylinux_2_28_x86_64.whl", hash = "sha256:faccab372e66bc76d5731525e7f1143c922271725b9d38c9f97edcc66266b451", size = 1783881, upload-time = "2026-06-07T21:07:39.063Z" },
    { url = "https://files.pythonhosted.org/packages/44/c2/5e25098a67268ed369483ae7d1a58bd0a13d03aab860d2a0e4a6eb25b046/aiohttp-3.14.1-cp313-cp313-manylinux_2_31_riscv64.manylinux_2_39_riscv64.whl", hash = "sha256:f380468b09d2a81633ee863b0ec5648d364bd17bb8ecfb8c2f387f7ac1faf42c", size = 1587572, upload-time = "2026-06-07T21:07:41.058Z" },
    { url = "https://files.pythonhosted.org/packages/2a/bd/cf9cee17e140f942a3de73e658a543aa8fbf35a5fc67a9d2538d52d77f0b/aiohttp-3.14.1-cp313-cp313-musllinux_1_2_aarch64.whl", hash = "sha256:97e704dcd26271f5bda3fa07c3ce0fb76d6d3f8659f4baa1a24442cc9ba177ca", size = 1722137, upload-time = "2026-06-07T21:07:43.014Z" },
    { url = "https://files.pythonhosted.org/packages/89/6d/5684f8c59045c96f81a18cefbc1fbbd79d25b88f1c622f2a5c5c08fcb632/aiohttp-3.14.1-cp313-cp313-musllinux_1_2_armv7l.whl", hash = "sha256:269b76ac5394092b95bc4a098f4fc6c191c083c3bd12775d1e30e663132f6a09", size = 1755953, upload-time = "2026-06-07T21:07:45.933Z" },
    { url = "https://files.pythonhosted.org/packages/a8/40/35caf3170f8359760740a7d9aa0fff2e344bef98e1d1186f5a0f6dec17e6/aiohttp-3.14.1-cp313-cp313-musllinux_1_2_ppc64le.whl", hash = "sha256:5c0b3e614340c889d575451696374c9d17affd54cd607ca0babed8f8c37b9397", size = 1766479, upload-time = "2026-06-07T21:07:48.047Z" },
    { url = "https://files.pythonhosted.org/packages/6d/a1/b0c61e7a137f0d81de49a82023a6df73c3c16d6fefb0f8e4a93d21639002/aiohttp-3.14.1-cp313-cp313-musllinux_1_2_riscv64.whl", hash = "sha256:5663ee9257cfa1add7253a7da3035a02f31b6600ec48261585e1800a81533080", size = 1580077, upload-time = "2026-06-07T21:07:50.069Z" },
    { url = "https://files.pythonhosted.org/packages/0b/41/194ea4623693009fcefebef7aef63c141754f153e9cd0d39d3b9e36c175c/aiohttp-3.14.1-cp313-cp313-musllinux_1_2_s390x.whl", hash = "sha256:603a2c834142172ffddc054067f5ec0ca65d57a0aa98a71bc81952573208e345", size = 1791688, upload-time = "2026-06-07T21:07:52.106Z" },
    { url = "https://files.pythonhosted.org/packages/ba/45/4de841f005cfe1fd63e2a2fe011262c515e2a62aa6994b15947e7d717ac9/aiohttp-3.14.1-cp313-cp313-musllinux_1_2_x86_64.whl", hash = "sha256:cb21957bb8aca671c1765e32f58164cf0c50e6bf41c0bbbd16da20732ecaf588", size = 1761094, upload-time = "2026-06-07T21:07:54.113Z" },
    { url = "https://files.pythonhosted.org/packages/e4/ae/dbce10533d3896d544d5053939ed75b7dc31a1b0973d959b1b5ae21028d6/aiohttp-3.14.1-cp313-cp313-win32.whl", hash = "sha256:e509a55f681e6158c20f70f102f9cf61fb20fbc382272bc6d94b7343f2582780", size = 452662, upload-time = "2026-06-07T21:07:56.06Z" },
    { url = "https://files.pythonhosted.org/packages/7b/d9/0bf1a19362c32f06229da5e7ddfcec91f93474d6307f7a2d3135e9c674dc/aiohttp-3.14.1-cp313-cp313-win_amd64.whl", hash = "sha256:1ac8531b638959718e18c2207fbfe297819875da46a740b29dfa29beba64355a", size = 479748, upload-time = "2026-06-07T21:07:58.319Z" },
    { url = "https://files.pythonhosted.org/packages/22/0a/62e7232dc9484fbec112ceb32efb6a624cc7994ec6e2b019286f17c4e8f2/aiohttp-3.14.1-cp313-cp313-win_arm64.whl", hash = "sha256:250d14af67f6b6a1a4a811049b1afa69d61d617fca6bf33149b3ab1a6dbcf7b8", size = 447723, upload-time = "2026-06-07T21:08:00.154Z" },
    { url = "https://files.pythonhosted.org/packages/c4/a1/5fafa04e1ca91ddb47608699d60649c1c6db3cf41c99e78fc4056f9513db/aiohttp-3.14.1-cp314-cp314-android_24_arm64_v8a.whl", hash = "sha256:7c106c26852ca1c2047c6b80384f17100b4e439af276f21ef3d4e2f450ae7e15", size = 508531, upload-time = "2026-06-07T21:08:02.093Z" },
    { url = "https://files.pythonhosted.org/packages/fa/2e/bfa02f699d87ffc86d5959270b28f1cb410add3ccaced8ed2e0b8a5238fc/aiohttp-3.14.1-cp314-cp314-android_24_x86_64.whl", hash = "sha256:20205f7f5ade7aaec9f4b500549bbc071b046453aed72f9c06dcab87896a83e8", size = 514718, upload-time = "2026-06-07T21:08:04.476Z" },
    { url = "https://files.pythonhosted.org/packages/85/a5/9594ad6289eebbc97d167c44213d557807f90e59115caad24de21ad2c3b1/aiohttp-3.14.1-cp314-cp314-ios_13_0_arm64_iphoneos.whl", hash = "sha256:62a759436b29e677181a9e76bab8b8f689a29cb9c535f45f7c48c9c830d3f8c3", size = 487918, upload-time = "2026-06-07T21:08:06.377Z" },
    { url = "https://files.pythonhosted.org/packages/b4/61/16a32c36c3c49edec122a3dc811f2057df2f94d3b14aa107c8017d981618/aiohttp-3.14.1-cp314-cp314-ios_13_0_arm64_iphonesimulator.whl", hash = "sha256:2964cbf553df4d7a57348da44d961d871895fc1ee4e8c322b2a95612c7b17fba", size = 494014, upload-time = "2026-06-07T21:08:08.263Z" },
    { url = "https://files.pythonhosted.org/packages/9b/89/3ebcf96ed99c05bec9c434aaac6963fd3cbab4a786ae739908a144d9ce44/aiohttp-3.14.1-cp314-cp314-ios_13_0_x86_64_iphonesimulator.whl", hash = "sha256:237651caadc3a59badd39319c54642b5299e9cc98a3a194310e55d5bb9f5e397", size = 502398, upload-time = "2026-06-07T21:08:10.244Z" },
    { url = "https://files.pythonhosted.org/packages/fd/3d/b74870a0c2d40c355928cd5b96c7a11fa821b8a40fc41365e64479b151fb/aiohttp-3.14.1-cp314-cp314-macosx_10_15_universal2.whl", hash = "sha256:896e12dfdbbab9d8f7e16d2b28c6769a60126fa92095d1ebf9473d02593a2448", size = 758018, upload-time = "2026-06-07T21:08:12.447Z" },
    { url = "https://files.pythonhosted.org/packages/d3/66/f42f5c984d99e49c6cff5f26f590750f2e2f7ef1fcfb99966ab5be1b632e/aiohttp-3.14.1-cp314-cp314-macosx_10_15_x86_64.whl", hash = "sha256:d03f281ed22579314ba00821ce20115a7c0ac430660b4cc05704a3f818b3e004", size = 512462, upload-time = "2026-06-07T21:08:14.624Z" },
    { url = "https://files.pythonhosted.org/packages/e9/a7/248e1aebe0c7810b0271e021a0f2a5eb6e78a051885b3c9df49f42a5802d/aiohttp-3.14.1-cp314-cp314-macosx_11_0_arm64.whl", hash = "sha256:07eabb979d236335fed927e137a928c9adfb7df3b9ec7aa31726f133a62be983", size = 512824, upload-time = "2026-06-07T21:08:16.572Z" },
    { url = "https://files.pythonhosted.org/packages/26/97/2aa0e5ba0727dc3bd5aaebb7ccbc510f7dfb7fb961ec87497cd496635ab1/aiohttp-3.14.1-cp314-cp314-manylinux2014_aarch64.manylinux_2_17_aarch64.manylinux_2_28_aarch64.whl", hash = "sha256:4fe1f1087cbadb280b5e1bb054a4f00d1423c74d6626c5e48400d871d34ecefe", size = 1749898, upload-time = "2026-06-07T21:08:18.635Z" },
    { url = "https://files.pythonhosted.org/packages/00/8d/e97f6c96c891d457c8479d92a514ba194d0412f981d72c70341ee18488ed/aiohttp-3.14.1-cp314-cp314-manylinux2014_armv7l.manylinux_2_17_armv7l.manylinux_2_31_armv7l.whl", hash = "sha256:367a9314fdc79dab0fac96e216cb41dd73c85bdca85306ce8999118ba7e0f333", size = 1710114, upload-time = "2026-06-07T21:08:20.892Z" },
    { url = "https://files.pythonhosted.org/packages/6f/e6/aa8d7e863048c8fceb5cd6ce74017311cec3ead07847387e12265fb4444e/aiohttp-3.14.1-cp314-cp314-manylinux2014_ppc64le.manylinux_2_17_ppc64le.manylinux_2_28_ppc64le.whl", hash = "sha256:a24f677ebe83749039e7bdf862ff0bbb16818ae4193d4ef96505e269375bcce0", size = 1802541, upload-time = "2026-06-07T21:08:23.044Z" },
    { url = "https://files.pythonhosted.org/packages/83/a8/72193137de57fda4ebfae4563182d082c8856e3b6e9871d0b46f028fb369/aiohttp-3.14.1-cp314-cp314-manylinux2014_s390x.manylinux_2_17_s390x.manylinux_2_28_s390x.whl", hash = "sha256:c83afe0ba876be7e943d2e0ba645809ad441575d2840c895c21ee5de93b9377a", size = 1875776, upload-time = "2026-06-07T21:08:25.288Z" },
    { url = "https://files.pythonhosted.org/packages/a0/18/938441025db6769a3464596b2410af3afde0b21eb2f204c6f766f68af4bd/aiohttp-3.14.1-cp314-cp314-manylinux2014_x86_64.manylinux_2_17_x86_64.manylinux_2_28_x86_64.whl", hash = "sha256:634e385930fb6d2d479cf3aa66515955863b77a5e3c2b5894ca259a25b308602", size = 1760329, upload-time = "2026-06-07T21:08:27.363Z" },
    { url = "https://files.pythonhosted.org/packages/60/29/bf2496b4065e76e09fe48015aaffe5ce161d8f089b06ac6982070f653076/aiohttp-3.14.1-cp314-cp314-manylinux_2_31_riscv64.manylinux_2_39_riscv64.whl", hash = "sha256:eeea07c4397bbc57719c4eed8f9c284874d4f175f9b6d57f7a1546b976d455ca", size = 1587293, upload-time = "2026-06-07T21:08:29.805Z" },
    { url = "https://files.pythonhosted.org/packages/49/a2/2136674d52123b1354bd05dd5753c318db47dc0c927cc70b27bab3755456/aiohttp-3.14.1-cp314-cp314-musllinux_1_2_aarch64.whl", hash = "sha256:335c0cc3e3545ce98dcb9cfcb836f40c3411f43fa03dab757597d80c89af8a35", size = 1714756, upload-time = "2026-06-07T21:08:32.094Z" },
    { url = "https://files.pythonhosted.org/packages/a7/b9/e5fd2e6f915503081c0f9b1e8540947037929c70c191da2e4d54b31a21a1/aiohttp-3.14.1-cp314-cp314-musllinux_1_2_armv7l.whl", hash = "sha256:ae6be797afdef264e8a84864a85b196ca06045586481b3df8a967322fd2fa844", size = 1721052, upload-time = "2026-06-07T21:08:34.167Z" },
    { url = "https://files.pythonhosted.org/packages/63/5a/2833e324a2263e104e31e2e91bc5bbee81bc499afd32203faee048a883f0/aiohttp-3.14.1-cp314-cp314-musllinux_1_2_ppc64le.whl", hash = "sha256:8560b4d712474335d08907db7973f71912d3a9a8f1dee992ec06b5d2fe359496", size = 1766888, upload-time = "2026-06-07T21:08:36.95Z" },
    { url = "https://files.pythonhosted.org/packages/57/fa/dea6511870913162f3b2e8c42a7614eb203a4540b8c2da43e0bfb0548f3c/aiohttp-3.14.1-cp314-cp314-musllinux_1_2_riscv64.whl", hash = "sha256:2b7edd08e0a5deb1e8564a2fcd8f4561014a3f05252334671bbf55ddd47db0e5", size = 1581679, upload-time = "2026-06-07T21:08:39.292Z" },
    { url = "https://files.pythonhosted.org/packages/14/bd/3cf0d55e71784b33534e9710a67d382d900598b4787fbce6cc7317f8c42a/aiohttp-3.14.1-cp314-cp314-musllinux_1_2_s390x.whl", hash = "sha256:b6ff7fcee63287ae57b5df3e4f5957ce032122802509246dec1a5bcc55904c95", size = 1782021, upload-time = "2026-06-07T21:08:41.407Z" },
    { url = "https://files.pythonhosted.org/packages/c1/af/14bb5843eccbe234f4dfb78ab73e549d99727247e62ae5d62cbd22eaf5b0/aiohttp-3.14.1-cp314-cp314-musllinux_1_2_x86_64.whl", hash = "sha256:6ffbb2f4ec1ceaff7e07d43922954da26b223d188bf30658e561b98e23089444", size = 1742574, upload-time = "2026-06-07T21:08:43.795Z" },
    { url = "https://files.pythonhosted.org/packages/f2/1e/fbeb7af9210a67ac0f9c9bec0f8f4568497924e33137a3d5b48e1cf85f3f/aiohttp-3.14.1-cp314-cp314-win32.whl", hash = "sha256:a9875b46d910cff3ea2f5962f9d266b465459fe634e22556ab9bd6fc1192eea0", size = 457773, upload-time = "2026-06-07T21:08:46.168Z" },
    { url = "https://files.pythonhosted.org/packages/f0/2b/13e8d741a9ec5db7d900c060554cf8352ab85e44e2a4469ebb9d377bda17/aiohttp-3.14.1-cp314-cp314-win_amd64.whl", hash = "sha256:af8b4b81a960eeaf1234971ac3cd0ba5901f3cd42eae42a46b4d089a8b492719", size = 485001, upload-time = "2026-06-07T21:08:48.401Z" },
    { url = "https://files.pythonhosted.org/packages/df/30/491acfa2c4d6c3ff59c49a14fc1b50be3241e25bbb0c84c09e2da4d11395/aiohttp-3.14.1-cp314-cp314-win_arm64.whl", hash = "sha256:cf4491381b1b57425c315a56a439251b1bdac07b2275f19a8c44bc57744532ec", size = 453809, upload-time = "2026-06-07T21:08:50.7Z" },
    { url = "https://files.pythonhosted.org/packages/34/e3/19dbe1a1f4cc6230eb9e314de7fe68053b0992f9302b27d12141a0b5db53/aiohttp-3.14.1-cp314-cp314t-macosx_10_15_universal2.whl", hash = "sha256:819c054312f1af92947e6a55883d1b66feefab11531a7fc45e0fb9b63880b5c2", size = 793320, upload-time = "2026-06-07T21:08:52.775Z" },
    { url = "https://files.pythonhosted.org/packages/7f/20/1b7182219ba1b108430d6e4dc53d25ae02dcfcf5a045b33af4e8c5167527/aiohttp-3.14.1-cp314-cp314t-macosx_10_15_x86_64.whl", hash = "sha256:10ee9c1753a8f706345b22496c79fbddb5be0599e0823f3738b1534058e25340", size = 529077, upload-time = "2026-06-07T21:08:55Z" },
    { url = "https://files.pythonhosted.org/packages/b9/c8/14ce60ec31a2e5f5274bb17d383a6f7a3aabca31ac04eee05585bbadab16/aiohttp-3.14.1-cp314-cp314t-macosx_11_0_arm64.whl", hash = "sha256:1601cc37baf5750ccacae618ec2daf020769581695550e3b654a911f859c563d", size = 532476, upload-time = "2026-06-07T21:08:57.176Z" },
    { url = "https://files.pythonhosted.org/packages/7e/02/9ac85e081e53da2e061b02fa7758fe0a12d17b8ce2d1f5e6c7cb76730328/aiohttp-3.14.1-cp314-cp314t-manylinux2014_aarch64.manylinux_2_17_aarch64.manylinux_2_28_aarch64.whl", hash = "sha256:4d6e0ac9da31c9c04c84e1c0182ad8d6df35965a85cae29cd71d089621b3ae94", size = 1922347, upload-time = "2026-06-07T21:08:59.563Z" },
    { url = "https://files.pythonhosted.org/packages/c0/3e/d3ba07a0ab38b5389e10bec4362d21e10a4f667cba2d79ba30837b3a5059/aiohttp-3.14.1-cp314-cp314t-manylinux2014_armv7l.manylinux_2_17_armv7l.manylinux_2_31_armv7l.whl", hash = "sha256:9e8f2d660c350b3d0e259c7a7e3d9b7fc8b41210cbcc3d4a7076ff0a5e5c2fdc", size = 1786465, upload-time = "2026-06-07T21:09:01.909Z" },
    { url = "https://files.pythonhosted.org/packages/0b/cb/e2ee978a00cfb2df829704a69528b18154eba5939f45bc1efa8f33aee4c5/aiohttp-3.14.1-cp314-cp314t-manylinux2014_ppc64le.manylinux_2_17_ppc64le.manylinux_2_28_ppc64le.whl", hash = "sha256:4691802dda97be727f79d86818acaad7eb8e9252626a1d6b519fedbb92d5e251", size = 1909423, upload-time = "2026-06-07T21:09:04.357Z" },
    { url = "https://files.pythonhosted.org/packages/73/5d/1430334858b1022b58ae50399a918f0bd6fe8fa7fa183598d657ff61e040/aiohttp-3.14.1-cp314-cp314t-manylinux2014_s390x.manylinux_2_17_s390x.manylinux_2_28_s390x.whl", hash = "sha256:c389c482a7e9b9dc3ee2701ac46c4125297a3818875b9c305ddb603c04828fd1", size = 2001906, upload-time = "2026-06-07T21:09:06.722Z" },
    { url = "https://files.pythonhosted.org/packages/66/4e/560c7472d3d198a23aa5c8b19a5115bf6a9b77b7d3e4bb363da320430ad2/aiohttp-3.14.1-cp314-cp314t-manylinux2014_x86_64.manylinux_2_17_x86_64.manylinux_2_28_x86_64.whl", hash = "sha256:fc0cacab7ba4e56f0f81c82a98c09bed2f39c940107b03a34b168bdf7597edd3", size = 1877095, upload-time = "2026-06-07T21:09:09.011Z" },
    { url = "https://files.pythonhosted.org/packages/0d/f1/4745806578d447db4a784a8591e2dae3afdfc2bcb96f8f81271b13df6543/aiohttp-3.14.1-cp314-cp314t-manylinux_2_31_riscv64.manylinux_2_39_riscv64.whl", hash = "sha256:979ed4717f59b8bb12e3963378fa285d93d367e15bcd66c721311826d3c44a6c", size = 1676222, upload-time = "2026-06-07T21:09:11.461Z" },
    { url = "https://files.pythonhosted.org/packages/6a/c9/48255813cca749a229ef0ab476004ec623728ad79a9c0840616f6c076325/aiohttp-3.14.1-cp314-cp314t-musllinux_1_2_aarch64.whl", hash = "sha256:38e1e7daaea81df51c952e18483f323d878499a1e2bfe564790e0f9701d6f203", size = 1842922, upload-time = "2026-06-07T21:09:14.118Z" },
    { url = "https://files.pythonhosted.org/packages/3d/c0/bbd054e2bee909f529523a5af3891052606af5143c09f5f183ec3b234676/aiohttp-3.14.1-cp314-cp314t-musllinux_1_2_armv7l.whl", hash = "sha256:4132e72c608fe9fecb8f409113567605915b83e9bdd3ea56538d2f9cd35002f1", size = 1825035, upload-time = "2026-06-07T21:09:16.447Z" },
    { url = "https://files.pythonhosted.org/packages/a8/ae/90395d4376deceb74e09ec26b6adf7d2015a6f8802d6d84446af860fef04/aiohttp-3.14.1-cp314-cp314t-musllinux_1_2_ppc64le.whl", hash = "sha256:eefd9cc9b6d4a2db5f00a26bc3e4f9acf71926a6ec557cd56c9c6f27c290b665", size = 1849512, upload-time = "2026-06-07T21:09:18.742Z" },
    { url = "https://files.pythonhosted.org/packages/93/bd/fb25f3049957553d4ce0ba6ae480aa2f592a6985497fca590837d16c1be0/aiohttp-3.14.1-cp314-cp314t-musllinux_1_2_riscv64.whl", hash = "sha256:b165790117eea512d7f3fb22f1f6dad3d55a7189571993eb015591c1401276d1", size = 1668571, upload-time = "2026-06-07T21:09:21.458Z" },
    { url = "https://files.pythonhosted.org/packages/3f/22/7f73303d64dd567ff3addca90b556690ed1233a47b8f55d242fb90af3681/aiohttp-3.14.1-cp314-cp314t-musllinux_1_2_s390x.whl", hash = "sha256:ed09c7eb1c391271c2ed0314a51903e72a3acb653d5ccfc264cdf3ef11f8269d", size = 1881159, upload-time = "2026-06-07T21:09:23.813Z" },
    { url = "https://files.pythonhosted.org/packages/44/be/0474c5a8b5640e1e4aa1923430a91f4151be82e511373fe764189b89aef5/aiohttp-3.14.1-cp314-cp314t-musllinux_1_2_x86_64.whl", hash = "sha256:99abd37084b82f5830c635fddd0b4993b9742a66eb746dacf433c8590e8f9e3c", size = 1841409, upload-time = "2026-06-07T21:09:26.207Z" },
    { url = "https://files.pythonhosted.org/packages/7b/3c/bb4a7cba26956cb3da4553cc2056cf67be5b5ff6e6d8fa4fbdff73bfb7ae/aiohttp-3.14.1-cp314-cp314t-win32.whl", hash = "sha256:47ddf841cdecc810749921d25606dee45857d12d2ad5ddb7b5bd7eab12e4b365", size = 494166, upload-time = "2026-06-07T21:09:28.505Z" },
    { url = "https://files.pythonhosted.org/packages/8a/84/ec80c2c1f66a952555a9f86df6b33af65108a6febfa0471b69013a12f807/aiohttp-3.14.1-cp314-cp314t-win_amd64.whl", hash = "sha256:5e78b522b7a6e27e0b25d19b247b75039ac4c94f99823e3c9e53ae1603a9f7e9", size = 530255, upload-time = "2026-06-07T21:09:30.843Z" },
    { url = "https://files.pythonhosted.org/packages/2a/71/6e22be134a4061ada85a92951b842f2657f17d926b727f3f94c56ae963d6/aiohttp-3.14.1-cp314-cp314t-win_arm64.whl", hash = "sha256:90d53f1609c29ccc2193945ef732428382a28f78d0456ae4d3daf0d48b74f0f6", size = 469640, upload-time = "2026-06-07T21:09:33.028Z" },
]

[[package]]
